# This file is automatically @generated by Poetry 2.2.1 and should not be changed by hand.

[[package]]
name = "beautifultable"
version = "1.1.0"
description = "Print text tables for terminals"
optional = false
python-versions = "*"
groups = ["main"]
files = [
    {file = "beautifultable-1.1.0-py2.py3-none-any.whl", hash = "sha256:b34053a581976c4c23064bb0e918a7f6f22273cf196c787946db323a6a2b7d84"},
    {file = "beautifultable-1.1.0.tar.gz", hash = "sha256:040bc987444965678f4ffdfa2f17ac357f1a13e5875b161c9a1899b375319d17"},
]

[package.dependencies]
wcwidth = "*"

[package.extras]
all = ["pandas"]
dev = ["pandas"]

[[package]]
name = "bitarray"
version = "3.8.0"
description = "efficient arrays of booleans -- C extension"
optional = false
python-versions = "*"
groups = ["main"]
files = [
    {file = "bitarray-3.8.0-cp310-cp310-macosx_10_9_x86_64.whl", hash = "sha256:f08342dc8d19214faa7ef99574dea6c37a2790d6d04a9793ef8fa76c188dc08d"},
    {file = "bitarray-3.8.0-cp310-cp310-macosx_11_0_arm64.whl", hash = "sha256:792462abfeeca6cc8c6c1e6d27e14319682f0182f6b0ba37befe911af794db70"},
    {file = "bitarray-3.8.0-cp310-cp310-manylinux2014_aarch64.manylinux_2_17_aarch64.manylinux_2_28_aarch64.whl", hash = "sha256:0df69d26f21a9d2f1b20266f6737fa43f08aa5015c99900fb69f255fbe4dabb4"},
    {file = "bitarray-3.8.0-cp310-cp310-manylinux2014_ppc64le.manylinux_2_17_ppc64le.manylinux_2_28_ppc64le.whl", hash = "sha256:b4f10d3f304be7183fac79bf2cd997f82e16aa9a9f37343d76c026c6e435a8a8"},
    {file = "bitarray-3.8.0-cp310-cp310-manylinux2014_s390x.manylinux_2_17_s390x.manylinux_2_28_s390x.whl", hash = "sha256:fc98ff43abad61f00515ad9a06213b7716699146e46eabd256cdfe7cb522bd97"},
    {file = "bitarray-3.8.0-cp310-cp310-manylinux2014_x86_64.manylinux_2_17_x86_64.manylinux_2_28_x86_64.whl", hash = "sha256:81c6b4a6c1af800d52a6fa32389ef8f4281583f4f99dc1a40f2bb47667281541"},
    {file = "bitarray-3.8.0-cp310-cp310-musllinux_1_2_aarch64.whl", hash = "sha256:f3fd8df63c41ff6a676d031956aebf68ebbc687b47c507da25501eb22eec341f"},
    {file = "bitarray-3.8.0-cp310-cp310-musllinux_1_2_ppc64le.whl", hash = "sha256:f0ce9d9e07c75da8027c62b4c9f45771d1d8aae7dc9ad7fb606c6a5aedbe9741"},
    {file = "bitarray-3.8.0-cp310-cp310-musllinux_1_2_s390x.whl", hash = "sha256:8a9c962c64a4c08def58b9799333e33af94ec53038cf151d36edacdb41f81646"},
    {file = "bitarray-3.8.0-cp310-cp310-musllinux_1_2_x86_64.whl", hash = "sha256:1a54d7e7999735faacdcbe8128e30207abc2caf9f9fd7102d180b32f1b78bfce"},
    {file = "bitarray-3.8.0-cp310-cp310-win32.whl", hash = "sha256:3ea52df96566457735314794422274bd1962066bfb609e7eea9113d70cf04ffe"},
    {file = "bitarray-3.8.0-cp310-cp310-win_amd64.whl", hash = "sha256:82a07de83dce09b4fa1bccbdc8bde8f188b131666af0dc9048ba0a0e448d8a3b"},
    {file = "bitarray-3.8.0-cp310-cp310-win_arm64.whl", hash = "sha256:c5ba07e58fd98c9782201e79eb8dd4225733d212a5a3700f9a84d329bd0463a6"},
    {file = "bitarray-3.8.0-cp311-cp311-macosx_10_9_x86_64.whl", hash = "sha256:25b9cff6c9856bc396232e2f609ea0c5ec1a8a24c500cee4cca96ba8a3cd50b6"},
    {file = "bitarray-3.8.0-cp311-cp311-macosx_11_0_arm64.whl", hash = "sha256:4d9984017314da772f5f7460add7a0301a4ffc06c72c2998bb16c300a6253607"},
    {file = "bitarray-3.8.0-cp311-cp311-manylinux2014_aarch64.manylinux_2_17_aarch64.manylinux_2_28_aarch64.whl", hash = "sha256:bbbbfbb7d039b20d289ce56b1beb46138d65769d04af50c199c6ac4cb6054d52"},
    {file = "bitarray-3.8.0-cp311-cp311-manylinux2014_ppc64le.manylinux_2_17_ppc64le.manylinux_2_28_ppc64le.whl", hash = "sha256:f1f723e260c35e1c7c57a09d3a6ebe681bd56c83e1208ae3ce1869b7c0d10d4f"},
    {file = "bitarray-3.8.0-cp311-cp311-manylinux2014_s390x.manylinux_2_17_s390x.manylinux_2_28_s390x.whl", hash = "sha256:cbd1660fb48827381ce3a621a4fdc237959e1cd4e98b098952a8f624a0726425"},
    {file = "bitarray-3.8.0-cp311-cp311-manylinux2014_x86_64.manylinux_2_17_x86_64.manylinux_2_28_x86_64.whl", hash = "sha256:df6d7bf3e15b7e6e202a16ff4948a51759354016026deb04ab9b5acbbe35e096"},
    {file = "bitarray-3.8.0-cp311-cp311-musllinux_1_2_aarch64.whl", hash = "sha256:d5c931ec1c03111718cabf85f6012bb2815fa0ce578175567fa8d6f2cc15d3b4"},
    {file = "bitarray-3.8.0-cp311-cp311-musllinux_1_2_ppc64le.whl", hash = "sha256:41b53711f89008ba2de62e4c2d2260a8b357072fd4f18e1351b28955db2719dc"},
    {file = "bitarray-3.8.0-cp311-cp311-musllinux_1_2_s390x.whl", hash = "sha256:4f298daaaea58d45e245a132d6d2bdfb6f856da50dc03d75ebb761439fb626cf"},
    {file = "bitarray-3.8.0-cp311-cp311-musllinux_1_2_x86_64.whl", hash = "sha256:30989a2451b693c3f9359d91098a744992b5431a0be4858f1fdf0ec76b457125"},
    {file = "bitarray-3.8.0-cp311-cp311-win32.whl", hash = "sha256:e5aed4754895942ae15ffa48c52d181e1c1463236fda68d2dba29c03aa61786b"},
    {file = "bitarray-3.8.0-cp311-cp311-win_amd64.whl", hash = "sha256:22c540ed20167d3dbb1e2d868ca935180247d620c40eace90efa774504a40e3b"},
    {file = "bitarray-3.8.0-cp311-cp311-win_arm64.whl", hash = "sha256:84b52b2cf77bb7f703d16c4007b021078dbbe6cf8ffb57abe81a7bacfc175ef2"},
    {file = "bitarray-3.8.0-cp312-cp312-macosx_10_13_x86_64.whl", hash = "sha256:f2fcbe9b3a5996b417e030aa33a562e7e20dfc86271e53d7e841fc5df16268b8"},
    {file = "bitarray-3.8.0-cp312-cp312-macosx_11_0_arm64.whl", hash = "sha256:cd761d158f67e288fd0ebe00c3b158095ce80a4bc7c32b60c7121224003ba70d"},
    {file = "bitarray-3.8.0-cp312-cp312-manylinux2014_aarch64.manylinux_2_17_aarch64.manylinux_2_28_aarch64.whl", hash = "sha256:c394a3f055b49f92626f83c1a0b6d6cd2c628f1ccd72481c3e3c6aa4695f3b20"},
    {file = "bitarray-3.8.0-cp312-cp312-manylinux2014_ppc64le.manylinux_2_17_ppc64le.manylinux_2_28_ppc64le.whl", hash = "sha256:969fd67de8c42affdb47b38b80f1eaa79ac0ef17d65407cdd931db1675315af1"},
    {file = "bitarray-3.8.0-cp312-cp312-manylinux2014_s390x.manylinux_2_17_s390x.manylinux_2_28_s390x.whl", hash = "sha256:99d25aff3745c54e61ab340b98400c52ebec04290a62078155e0d7eb30380220"},
    {file = "bitarray-3.8.0-cp312-cp312-manylinux2014_x86_64.manylinux_2_17_x86_64.manylinux_2_28_x86_64.whl", hash = "sha256:e645b4c365d6f1f9e0799380ad6395268f3c3b898244a650aaeb8d9d27b74c35"},
    {file = "bitarray-3.8.0-cp312-cp312-musllinux_1_2_aarch64.whl", hash = "sha256:2fa23fdb3beab313950bbb49674e8a161e61449332d3997089fe3944953f1b77"},
    {file = "bitarray-3.8.0-cp312-cp312-musllinux_1_2_ppc64le.whl", hash = "sha256:165052a0e61c880f7093808a0c524ce1b3555bfa114c0dfb5c809cd07918a60d"},
    {file = "bitarray-3.8.0-cp312-cp312-musllinux_1_2_s390x.whl", hash = "sha256:337c8cd46a4c6568d367ed676cbf2d7de16f890bb31dbb54c44c1d6bb6d4a1de"},
    {file = "bitarray-3.8.0-cp312-cp312-musllinux_1_2_x86_64.whl", hash = "sha256:21ca6a47bf20db9e7ad74ca04b3d479e4d76109b68333eb23535553d2705339e"},
    {file = "bitarray-3.8.0-cp312-cp312-win32.whl", hash = "sha256:178c5a4c7fdfb5cd79e372ae7f675390e670f3732e5bc68d327e01a5b3ff8d55"},
    {file = "bitarray-3.8.0-cp312-cp312-win_amd64.whl", hash = "sha256:75a3b6e9c695a6570ea488db75b84bb592ff70a944957efa1c655867c575018b"},
    {file = "bitarray-3.8.0-cp312-cp312-win_arm64.whl", hash = "sha256:5591daf81313096909d973fb2612fccd87528fdfdd39f6478bdce54543178954"},
    {file = "bitarray-3.8.0-cp313-cp313-macosx_10_13_x86_64.whl", hash = "sha256:18214bac86341f1cc413772e66447d6cca10981e2880b70ecaf4e826c04f95e9"},
    {file = "bitarray-3.8.0-cp313-cp313-macosx_11_0_arm64.whl", hash = "sha256:01c5f0dc080b0ebb432f7a68ee1e88a76bd34f6d89c9568fcec65fb16ed71f0e"},
    {file = "bitarray-3.8.0-cp313-cp313-manylinux2014_aarch64.manylinux_2_17_aarch64.manylinux_2_28_aarch64.whl", hash = "sha256:86685fa04067f7175f9718489ae755f6acde03593a1a9ca89305554af40e14fd"},
    {file = "bitarray-3.8.0-cp313-cp313-manylinux2014_ppc64le.manylinux_2_17_ppc64le.manylinux_2_28_ppc64le.whl", hash = "sha256:56896ceeffe25946c4010320629e2d858ca763cd8ded273c81672a5edbcb1e0a"},
    {file = "bitarray-3.8.0-cp313-cp313-manylinux2014_s390x.manylinux_2_17_s390x.manylinux_2_28_s390x.whl", hash = "sha256:9858dcbc23ba7eaadcd319786b982278a1a2b2020720b19db43e309579ff76fb"},
    {file = "bitarray-3.8.0-cp313-cp313-manylinux2014_x86_64.manylinux_2_17_x86_64.manylinux_2_28_x86_64.whl", hash = "sha256:aa7dec53c25f1949513457ef8b0ea1fb40e76c672cc4d2daa8ad3c8d6b73491a"},
    {file = "bitarray-3.8.0-cp313-cp313-musllinux_1_2_aarch64.whl", hash = "sha256:15a2eff91f54d2b1f573cca8ca6fb58763ce8fea80e7899ab028f3987ef71cd5"},
    {file = "bitarray-3.8.0-cp313-cp313-musllinux_1_2_ppc64le.whl", hash = "sha256:b1572ee0eb1967e71787af636bb7d1eb9c6735d5337762c450650e7f51844594"},
    {file = "bitarray-3.8.0-cp313-cp313-musllinux_1_2_s390x.whl", hash = "sha256:5bfac7f236ba1a4d402644bdce47fb9db02a7cf3214a1f637d3a88390f9e5428"},
    {file = "bitarray-3.8.0-cp313-cp313-musllinux_1_2_x86_64.whl", hash = "sha256:f0a55cf02d2cdd739b40ce10c09bbdd520e141217696add7a48b56e67bdfdfe6"},
    {file = "bitarray-3.8.0-cp313-cp313-win32.whl", hash = "sha256:a2ba92f59e30ce915e9e79af37649432e3a212ddddf416d4d686b1b4825bcdb2"},
    {file = "bitarray-3.8.0-cp313-cp313-win_amd64.whl", hash = "sha256:1c8f2a5d8006db5a555e06f9437e76bf52537d3dfd130cb8ae2b30866aca32c9"},
    {file = "bitarray-3.8.0-cp313-cp313-win_arm64.whl", hash = "sha256:50ddbe3a7b4b6ab96812f5a4d570f401a2cdb95642fd04c062f98939610bbeee"},
    {file = "bitarray-3.8.0-cp314-cp314-macosx_10_13_x86_64.whl", hash = "sha256:8cbd4bfc933b33b85c43ef4c1f4d5e3e9d91975ea6368acf5fbac02bac06ea89"},
    {file = "bitarray-3.8.0-cp314-cp314-macosx_11_0_arm64.whl", hash = "sha256:9d35d8f8a1c9ed4e2b08187b513f8a3c71958600129db3aa26d85ea3abfd1310"},
    {file = "bitarray-3.8.0-cp314-cp314-manylinux2014_aarch64.manylinux_2_17_aarch64.manylinux_2_28_aarch64.whl", hash = "sha256:99f55e14e7c56f4fafe1343480c32b110ef03836c21ff7c48bae7add6818f77c"},
    {file = "bitarray-3.8.0-cp314-cp314-manylinux2014_ppc64le.manylinux_2_17_ppc64le.manylinux_2_28_ppc64le.whl", hash = "sha256:dfbe2aa45b273f49e715c5345d94874cb65a28482bf231af408891c260601b8d"},
    {file = "bitarray-3.8.0-cp314-cp314-manylinux2014_s390x.manylinux_2_17_s390x.manylinux_2_28_s390x.whl", hash = "sha256:64af877116edf051375b45f0bda648143176a017b13803ec7b3a3111dc05f4c5"},
    {file = "bitarray-3.8.0-cp314-cp314-manylinux2014_x86_64.manylinux_2_17_x86_64.manylinux_2_28_x86_64.whl", hash = "sha256:cdfbb27f2c46bb5bbdcee147530cbc5ca8ab858d7693924e88e30ada21b2c5e2"},
    {file = "bitarray-3.8.0-cp314-cp314-musllinux_1_2_aarch64.whl", hash = "sha256:4d73d4948dcc5591d880db8933004e01f1dd2296df9de815354d53469beb26fe"},
    {file = "bitarray-3.8.0-cp314-cp314-musllinux_1_2_ppc64le.whl", hash = "sha256:28a85b056c0eb7f5d864c0ceef07034117e8ebfca756f50648c71950a568ba11"},
    {file = "bitarray-3.8.0-cp314-cp314-musllinux_1_2_s390x.whl", hash = "sha256:79ec4498a545733ecace48d780d22407411b07403a2e08b9a4d7596c0b97ebd7"},
    {file = "bitarray-3.8.0-cp314-cp314-musllinux_1_2_x86_64.whl", hash = "sha256:33af25c4ff7723363cb8404dfc2eefeab4110b654f6c98d26aba8a08c745d860"},
    {file = "bitarray-3.8.0-cp314-cp314-win32.whl", hash = "sha256:2c3bb96b6026643ce24677650889b09073f60b9860a71765f843c99f9ab38b25"},
    {file = "bitarray-3.8.0-cp314-cp314-win_amd64.whl", hash = "sha256:847c7f61964225fc489fe1d49eda7e0e0d253e98862c012cecf845f9ad45cdf4"},
    {file = "bitarray-3.8.0-cp314-cp314-win_arm64.whl", hash = "sha256:a2cb35a6efaa0e3623d8272471371a12c7e07b51a33e5efce9b58f655d864b4e"},
    {file = "bitarray-3.8.0-cp314-cp314t-macosx_10_13_x86_64.whl", hash = "sha256:15e8d0597cc6e8496de6f4dea2a6880c57e1251502a7072f5631108a1aa28521"},
    {file = "bitarray-3.8.0-cp314-cp314t-macosx_11_0_arm64.whl", hash = "sha256:8ffe660e963ae711cb9e2b8d8461c9b1ad6167823837fc17d59d5e539fb898fa"},
    {file = "bitarray-3.8.0-cp314-cp314t-manylinux2014_aarch64.manylinux_2_17_aarch64.manylinux_2_28_aarch64.whl", hash = "sha256:4779f356083c62e29b4198d290b7b17a39a69702d150678b7efff0fdddf494a8"},
    {file = "bitarray-3.8.0-cp314-cp314t-manylinux2014_ppc64le.manylinux_2_17_ppc64le.manylinux_2_28_ppc64le.whl", hash = "sha256:025d133bf4ca8cf75f904eeb8ea946228d7c043231866143f31946a6f4dd0bf3"},
    {file = "bitarray-3.8.0-cp314-cp314t-manylinux2014_s390x.manylinux_2_17_s390x.manylinux_2_28_s390x.whl", hash = "sha256:451f9958850ea98440d542278368c8d1e1ea821e2494b204570ba34a340759df"},
    {file = "bitarray-3.8.0-cp314-cp314t-manylinux2014_x86_64.manylinux_2_17_x86_64.manylinux_2_28_x86_64.whl", hash = "sha256:6d79f659965290af60d6acc8e2716341865fe74609a7ede2a33c2f86ad893b8f"},
    {file = "bitarray-3.8.0-cp314-cp314t-musllinux_1_2_aarch64.whl", hash = "sha256:fbf05678c2ae0064fb1b8de7e9e8f0fc30621b73c8477786dd0fb3868044a8c8"},
    {file = "bitarray-3.8.0-cp314-cp314t-musllinux_1_2_ppc64le.whl", hash = "sha256:c396358023b876cff547ce87f4e8ff8a2280598873a137e8cc69e115262260b8"},
    {file = "bitarray-3.8.0-cp314-cp314t-musllinux_1_2_s390x.whl", hash = "sha256:ed3493a369fe849cce98542d7405c88030b355e4d2e113887cb7ecc86c205773"},
    {file = "bitarray-3.8.0-cp314-cp314t-musllinux_1_2_x86_64.whl", hash = "sha256:c764fb167411d5afaef88138542a4bfa28bd5e5ded5e8e42df87cef965efd6e9"},
    {file = "bitarray-3.8.0-cp314-cp314t-win32.whl", hash = "sha256:e12769d3adcc419e65860de946df8d2ed274932177ac1cdb05186e498aaa9149"},
    {file = "bitarray-3.8.0-cp314-cp314t-win_amd64.whl", hash = "sha256:0ca70ccf789446a6dfde40b482ec21d28067172cd1f8efd50d5548159fccad9e"},
    {file = "bitarray-3.8.0-cp314-cp314t-win_arm64.whl", hash = "sha256:2a3d1b05ffdd3e95687942ae7b13c63689f85d3f15c39b33329e3cb9ce6c015f"},
    {file = "bitarray-3.8.0-cp38-cp38-macosx_10_9_x86_64.whl", hash = "sha256:f8d3417db5e14a6789073b21ae44439a755289477901901bae378a57b905e148"},
    {file = "bitarray-3.8.0-cp38-cp38-macosx_11_0_arm64.whl", hash = "sha256:7f65bd5d4cdb396295b6aa07f84ca659ac65c5c68b53956a6d95219e304b0ada"},
    {file = "bitarray-3.8.0-cp38-cp38-manylinux2014_aarch64.manylinux_2_17_aarch64.manylinux_2_28_aarch64.whl", hash = "sha256:7f14d6b303e55bd7d19b28309ef8014370e84a3806c5e452e078e7df7344d97a"},
    {file = "bitarray-3.8.0-cp38-cp38-manylinux2014_ppc64le.manylinux_2_17_ppc64le.manylinux_2_28_ppc64le.whl", hash = "sha256:5c5a8a83df95e51f7a7c2b083eaea134cbed39fc42c6aeb2e764ddb7ccccd43e"},
    {file = "bitarray-3.8.0-cp38-cp38-manylinux2014_s390x.manylinux_2_17_s390x.manylinux_2_28_s390x.whl", hash = "sha256:6d70fa9c6d2e955bde8cd327ffc11f2cc34bc21944e5571a46ca501e7eadef24"},
    {file = "bitarray-3.8.0-cp38-cp38-manylinux2014_x86_64.manylinux_2_17_x86_64.manylinux_2_28_x86_64.whl", hash = "sha256:0f8069a807a3e6e3c361ce302ece4bf1c3b49962c1726d1d56587e8f48682861"},
    {file = "bitarray-3.8.0-cp38-cp38-musllinux_1_2_aarch64.whl", hash = "sha256:a358277122456666a8b2a0b9aa04f1b89d34e8aa41d08a6557d693e6abb6667c"},
    {file = "bitarray-3.8.0-cp38-cp38-musllinux_1_2_ppc64le.whl", hash = "sha256:014df8a9430276862392ac5d471697de042367996c49f32d0008585d2c60755a"},
    {file = "bitarray-3.8.0-cp38-cp38-musllinux_1_2_s390x.whl", hash = "sha256:720963fee259291a88348ae9735d9deb5d334e84a016244f61c89f5a49aa400a"},
    {file = "bitarray-3.8.0-cp38-cp38-musllinux_1_2_x86_64.whl", hash = "sha256:239578587b9c29469ab61149dda40a2fe714a6a4eca0f8ff9ea9439ec4b7bc30"},
    {file = "bitarray-3.8.0-cp38-cp38-win32.whl", hash = "sha256:004d518fa410e6da43386d20e07b576a41eb417ac67abf9f30fa75e125697199"},
    {file = "bitarray-3.8.0-cp38-cp38-win_amd64.whl", hash = "sha256:5338a313f998e1be7267191b7caaae82563b4a2b42b393561055412a34042caa"},
    {file = "bitarray-3.8.0-cp39-cp39-macosx_10_9_x86_64.whl", hash = "sha256:d2dbe8a3baf2d842e342e8acb06ae3844765d38df67687c144cdeb71f1bcb5d7"},
    {file = "bitarray-3.8.0-cp39-cp39-macosx_11_0_arm64.whl", hash = "sha256:ff1863f037dad765ef5963efc2e37d399ac023e192a6f2bb394e2377d023cefe"},
    {file = "bitarray-3.8.0-cp39-cp39-manylinux2014_aarch64.manylinux_2_17_aarch64.manylinux_2_28_aarch64.whl", hash = "sha256:26714898eb0d847aac8af94c4441c9cb50387847d0fe6b9fc4217c086cd68b80"},
    {file = "bitarray-3.8.0-cp39-cp39-manylinux2014_ppc64le.manylinux_2_17_ppc64le.manylinux_2_28_ppc64le.whl", hash = "sha256:5f2fb10518f6b365f5b720e43a529c3b2324ca02932f609631a44edb347d8d54"},
    {file = "bitarray-3.8.0-cp39-cp39-manylinux2014_s390x.manylinux_2_17_s390x.manylinux_2_28_s390x.whl", hash = "sha256:1a926fa554870642607fd10e66ee25b75fdd9a7ca4bbffa93d424e4ae2bf734a"},
    {file = "bitarray-3.8.0-cp39-cp39-manylinux2014_x86_64.manylinux_2_17_x86_64.manylinux_2_28_x86_64.whl", hash = "sha256:4902f4ecd5fcb6a5f482d7b0ae1c16c21f26fc5279b3b6127363d13ad8e7a9d9"},
    {file = "bitarray-3.8.0-cp39-cp39-musllinux_1_2_aarch64.whl", hash = "sha256:94652da1a4ca7cfb69c15dd6986b205e0bd9c63a05029c3b48b4201085f527bd"},
    {file = "bitarray-3.8.0-cp39-cp39-musllinux_1_2_ppc64le.whl", hash = "sha256:31a4ad2b730128e273f1c22300da3e3631f125703e4fee0ac44d385abfb15671"},
    {file = "bitarray-3.8.0-cp39-cp39-musllinux_1_2_s390x.whl", hash = "sha256:cbba763d99de0255a3e4938f25a8579930ac8aa089233cb2fb2ed7d04d4aff02"},
    {file = "bitarray-3.8.0-cp39-cp39-musllinux_1_2_x86_64.whl", hash = "sha256:46cf239856b87fe1c86dfbb3d459d840a8b1649e7922b1e0bfb6b6464692644a"},
    {file = "bitarray-3.8.0-cp39-cp39-win32.whl", hash = "sha256:2fe8c54b15a9cd4f93bc2aaceab354ec65af93370aa1496ba2f9c537a4855ee0"},
    {file = "bitarray-3.8.0-cp39-cp39-win_amd64.whl", hash = "sha256:58a01ea34057463f7a98a4d6ff40160f65f945e924fec08a5b39e327e372875d"},
    {file = "bitarray-3.8.0-cp39-cp39-win_arm64.whl", hash = "sha256:a60da2f9efbed355edb35a1fb6829148676786c829fad708bb6bb47211b3593a"},
    {file = "bitarray-3.8.0.tar.gz", hash = "sha256:3eae38daffd77c9621ae80c16932eea3fb3a4af141fb7cc724d4ad93eff9210d"},
]

[[package]]
name = "click"
version = "8.1.8"
description = "Composable command line interface toolkit"
optional = false
python-versions = ">=3.7"
groups = ["main"]
files = [
    {file = "click-8.1.8-py3-none-any.whl", hash = "sha256:63c132bbbed01578a06712a2d1f497bb62d9c1c0d329b7903a866228027263b2"},
    {file = "click-8.1.8.tar.gz", hash = "sha256:ed53c9d8990d83c2a27deae68e4ee337473f6330c040a31d4225c9574d16096a"},
]

[package.dependencies]
colorama = {version = "*", markers = "platform_system == \"Windows\""}

[[package]]
name = "colorama"
version = "0.4.6"
description = "Cross-platform colored terminal text."
optional = false
python-versions = "!=3.0.*,!=3.1.*,!=3.2.*,!=3.3.*,!=3.4.*,!=3.5.*,!=3.6.*,>=2.7"
groups = ["main"]
markers = "sys_platform == \"win32\" or platform_system == \"Windows\""
files = [
    {file = "colorama-0.4.6-py2.py3-none-any.whl", hash = "sha256:4f1d9991f5acc0ca119f9d443620b77f9d6b33703e51011c16baf57afb285fc6"},
    {file = "colorama-0.4.6.tar.gz", hash = "sha256:08695f5cb7ed6e0531a20572697297273c47b8cae5a63ffc6d6ed5c201be6e44"},
]

[[package]]
name = "debugpy"
version = "1.8.14"
description = "An implementation of the Debug Adapter Protocol for Python"
optional = false
python-versions = ">=3.8"
groups = ["dev"]
files = [
    {file = "debugpy-1.8.14-cp310-cp310-macosx_14_0_x86_64.whl", hash = "sha256:93fee753097e85623cab1c0e6a68c76308cd9f13ffdf44127e6fab4fbf024339"},
    {file = "debugpy-1.8.14-cp310-cp310-manylinux_2_5_x86_64.manylinux1_x86_64.manylinux_2_17_x86_64.manylinux2014_x86_64.whl", hash = "sha256:3d937d93ae4fa51cdc94d3e865f535f185d5f9748efb41d0d49e33bf3365bd79"},
    {file = "debugpy-1.8.14-cp310-cp310-win32.whl", hash = "sha256:c442f20577b38cc7a9aafecffe1094f78f07fb8423c3dddb384e6b8f49fd2987"},
    {file = "debugpy-1.8.14-cp310-cp310-win_amd64.whl", hash = "sha256:f117dedda6d969c5c9483e23f573b38f4e39412845c7bc487b6f2648df30fe84"},
    {file = "debugpy-1.8.14-cp311-cp311-macosx_14_0_universal2.whl", hash = "sha256:1b2ac8c13b2645e0b1eaf30e816404990fbdb168e193322be8f545e8c01644a9"},
    {file = "debugpy-1.8.14-cp311-cp311-manylinux_2_5_x86_64.manylinux1_x86_64.manylinux_2_17_x86_64.manylinux2014_x86_64.whl", hash = "sha256:cf431c343a99384ac7eab2f763980724834f933a271e90496944195318c619e2"},
    {file = "debugpy-1.8.14-cp311-cp311-win32.whl", hash = "sha256:c99295c76161ad8d507b413cd33422d7c542889fbb73035889420ac1fad354f2"},
    {file = "debugpy-1.8.14-cp311-cp311-win_amd64.whl", hash = "sha256:7816acea4a46d7e4e50ad8d09d963a680ecc814ae31cdef3622eb05ccacf7b01"},
    {file = "debugpy-1.8.14-cp312-cp312-macosx_14_0_universal2.whl", hash = "sha256:8899c17920d089cfa23e6005ad9f22582fd86f144b23acb9feeda59e84405b84"},
    {file = "debugpy-1.8.14-cp312-cp312-manylinux_2_5_x86_64.manylinux1_x86_64.manylinux_2_17_x86_64.manylinux2014_x86_64.whl", hash = "sha256:f6bb5c0dcf80ad5dbc7b7d6eac484e2af34bdacdf81df09b6a3e62792b722826"},
    {file = "debugpy-1.8.14-cp312-cp312-win32.whl", hash = "sha256:281d44d248a0e1791ad0eafdbbd2912ff0de9eec48022a5bfbc332957487ed3f"},
    {file = "debugpy-1.8.14-cp312-cp312-win_amd64.whl", hash = "sha256:5aa56ef8538893e4502a7d79047fe39b1dae08d9ae257074c6464a7b290b806f"},
    {file = "debugpy-1.8.14-cp313-cp313-macosx_14_0_universal2.whl", hash = "sha256:329a15d0660ee09fec6786acdb6e0443d595f64f5d096fc3e3ccf09a4259033f"},
    {file = "debugpy-1.8.14-cp313-cp313-manylinux_2_5_x86_64.manylinux1_x86_64.manylinux_2_17_x86_64.manylinux2014_x86_64.whl", hash = "sha256:0f920c7f9af409d90f5fd26e313e119d908b0dd2952c2393cd3247a462331f15"},
    {file = "debugpy-1.8.14-cp313-cp313-win32.whl", hash = "sha256:3784ec6e8600c66cbdd4ca2726c72d8ca781e94bce2f396cc606d458146f8f4e"},
    {file = "debugpy-1.8.14-cp313-cp313-win_amd64.whl", hash = "sha256:684eaf43c95a3ec39a96f1f5195a7ff3d4144e4a18d69bb66beeb1a6de605d6e"},
    {file = "debugpy-1.8.14-cp38-cp38-macosx_14_0_x86_64.whl", hash = "sha256:d5582bcbe42917bc6bbe5c12db1bffdf21f6bfc28d4554b738bf08d50dc0c8c3"},
    {file = "debugpy-1.8.14-cp38-cp38-manylinux_2_5_x86_64.manylinux1_x86_64.manylinux_2_17_x86_64.manylinux2014_x86_64.whl", hash = "sha256:5349b7c3735b766a281873fbe32ca9cca343d4cc11ba4a743f84cb854339ff35"},
    {file = "debugpy-1.8.14-cp38-cp38-win32.whl", hash = "sha256:7118d462fe9724c887d355eef395fae68bc764fd862cdca94e70dcb9ade8a23d"},
    {file = "debugpy-1.8.14-cp38-cp38-win_amd64.whl", hash = "sha256:d235e4fa78af2de4e5609073972700523e372cf5601742449970110d565ca28c"},
    {file = "debugpy-1.8.14-cp39-cp39-macosx_14_0_x86_64.whl", hash = "sha256:413512d35ff52c2fb0fd2d65e69f373ffd24f0ecb1fac514c04a668599c5ce7f"},
    {file = "debugpy-1.8.14-cp39-cp39-manylinux_2_5_x86_64.manylinux1_x86_64.manylinux_2_17_x86_64.manylinux2014_x86_64.whl", hash = "sha256:4c9156f7524a0d70b7a7e22b2e311d8ba76a15496fb00730e46dcdeedb9e1eea"},
    {file = "debugpy-1.8.14-cp39-cp39-win32.whl", hash = "sha256:b44985f97cc3dd9d52c42eb59ee9d7ee0c4e7ecd62bca704891f997de4cef23d"},
    {file = "debugpy-1.8.14-cp39-cp39-win_amd64.whl", hash = "sha256:b1528cfee6c1b1c698eb10b6b096c598738a8238822d218173d21c3086de8123"},
    {file = "debugpy-1.8.14-py2.py3-none-any.whl", hash = "sha256:5cd9a579d553b6cb9759a7908a41988ee6280b961f24f63336835d9418216a20"},
    {file = "debugpy-1.8.14.tar.gz", hash = "sha256:7cd287184318416850aa8b60ac90105837bb1e59531898c07569d197d2ed5322"},
]

[[package]]
name = "exceptiongroup"
version = "1.2.2"
description = "Backport of PEP 654 (exception groups)"
optional = false
python-versions = ">=3.7"
groups = ["main"]
markers = "python_version == \"3.10\""
files = [
    {file = "exceptiongroup-1.2.2-py3-none-any.whl", hash = "sha256:3111b9d131c238bec2f8f516e123e14ba243563fb135d3fe885990585aa7795b"},
    {file = "exceptiongroup-1.2.2.tar.gz", hash = "sha256:47c2edf7c6738fafb49fd34290706d1a1a2f4d1c6df275526b62cbb4aa5393cc"},
]

[package.extras]
test = ["pytest (>=6)"]

[[package]]
name = "iniconfig"
version = "2.0.0"
description = "brain-dead simple config-ini parsing"
optional = false
python-versions = ">=3.7"
groups = ["main"]
files = [
    {file = "iniconfig-2.0.0-py3-none-any.whl", hash = "sha256:b6a85871a79d2e3b22d2d1b94ac2824226a63c6b741c88f7ae975f18b6778374"},
    {file = "iniconfig-2.0.0.tar.gz", hash = "sha256:2d91e135bf72d31a410b17c16da610a82cb55f6b0477d1a902134b24a455b8b3"},
]

[[package]]
name = "loguru"
version = "0.7.3"
description = "Python logging made (stupidly) simple"
optional = false
python-versions = "<4.0,>=3.5"
groups = ["main"]
files = [
    {file = "loguru-0.7.3-py3-none-any.whl", hash = "sha256:31a33c10c8e1e10422bfd431aeb5d351c7cf7fa671e3c4df004162264b28220c"},
    {file = "loguru-0.7.3.tar.gz", hash = "sha256:19480589e77d47b8d85b2c827ad95d49bf31b0dcde16593892eb51dd18706eb6"},
]

[package.dependencies]
colorama = {version = ">=0.3.4", markers = "sys_platform == \"win32\""}
win32-setctime = {version = ">=1.0.0", markers = "sys_platform == \"win32\""}

[package.extras]
dev = ["Sphinx (==8.1.3) ; python_version >= \"3.11\"", "build (==1.2.2) ; python_version >= \"3.11\"", "colorama (==0.4.5) ; python_version < \"3.8\"", "colorama (==0.4.6) ; python_version >= \"3.8\"", "exceptiongroup (==1.1.3) ; python_version >= \"3.7\" and python_version < \"3.11\"", "freezegun (==1.1.0) ; python_version < \"3.8\"", "freezegun (==1.5.0) ; python_version >= \"3.8\"", "mypy (==v0.910) ; python_version < \"3.6\"", "mypy (==v0.971) ; python_version == \"3.6\"", "mypy (==v1.13.0) ; python_version >= \"3.8\"", "mypy (==v1.4.1) ; python_version == \"3.7\"", "myst-parser (==4.0.0) ; python_version >= \"3.11\"", "pre-commit (==4.0.1) ; python_version >= \"3.9\"", "pytest (==6.1.2) ; python_version < \"3.8\"", "pytest (==8.3.2) ; python_version >= \"3.8\"", "pytest-cov (==2.12.1) ; python_version < \"3.8\"", "pytest-cov (==5.0.0) ; python_version == \"3.8\"", "pytest-cov (==6.0.0) ; python_version >= \"3.9\"", "pytest-mypy-plugins (==1.9.3) ; python_version >= \"3.6\" and python_version < \"3.8\"", "pytest-mypy-plugins (==3.1.0) ; python_version >= \"3.8\"", "sphinx-rtd-theme (==3.0.2) ; python_version >= \"3.11\"", "tox (==3.27.1) ; python_version < \"3.8\"", "tox (==4.23.2) ; python_version >= \"3.8\"", "twine (==6.0.1) ; python_version >= \"3.11\""]

[[package]]
name = "markdown-it-py"
version = "3.0.0"
description = "Python port of markdown-it. Markdown parsing, done right!"
optional = false
python-versions = ">=3.8"
groups = ["main"]
files = [
    {file = "markdown-it-py-3.0.0.tar.gz", hash = "sha256:e3f60a94fa066dc52ec76661e37c851cb232d92f9886b15cb560aaada2df8feb"},
    {file = "markdown_it_py-3.0.0-py3-none-any.whl", hash = "sha256:355216845c60bd96232cd8d8c40e8f9765cc86f46880e43a8fd22dc1a1a8cab1"},
]

[package.dependencies]
mdurl = ">=0.1,<1.0"

[package.extras]
benchmarking = ["psutil", "pytest", "pytest-benchmark"]
code-style = ["pre-commit (>=3.0,<4.0)"]
compare = ["commonmark (>=0.9,<1.0)", "markdown (>=3.4,<4.0)", "mistletoe (>=1.0,<2.0)", "mistune (>=2.0,<3.0)", "panflute (>=2.3,<3.0)"]
linkify = ["linkify-it-py (>=1,<3)"]
plugins = ["mdit-py-plugins"]
profiling = ["gprof2dot"]
rtd = ["jupyter_sphinx", "mdit-py-plugins", "myst-parser", "pyyaml", "sphinx", "sphinx-copybutton", "sphinx-design", "sphinx_book_theme"]
testing = ["coverage", "pytest", "pytest-cov", "pytest-regressions"]

[[package]]
name = "mdurl"
version = "0.1.2"
description = "Markdown URL utilities"
optional = false
python-versions = ">=3.7"
groups = ["main"]
files = [
    {file = "mdurl-0.1.2-py3-none-any.whl", hash = "sha256:84008a41e51615a49fc9966191ff91509e3c40b939176e643fd50a5c2196b8f8"},
    {file = "mdurl-0.1.2.tar.gz", hash = "sha256:bb413d29f5eea38f31dd4754dd7377d4465116fb207585f97bf925588687c1ba"},
]

[[package]]
name = "packaging"
version = "24.2"
description = "Core utilities for Python packages"
optional = false
python-versions = ">=3.8"
groups = ["main"]
files = [
    {file = "packaging-24.2-py3-none-any.whl", hash = "sha256:09abb1bccd265c01f4a3aa3f7a7db064b36514d2cba19a2f694fe6150451a759"},
    {file = "packaging-24.2.tar.gz", hash = "sha256:c228a6dc5e932d346bc5739379109d49e8853dd8223571c7c5b55260edc0b97f"},
]

[[package]]
name = "pluggy"
version = "1.5.0"
description = "plugin and hook calling mechanisms for python"
optional = false
python-versions = ">=3.8"
groups = ["main"]
files = [
    {file = "pluggy-1.5.0-py3-none-any.whl", hash = "sha256:44e1ad92c8ca002de6377e165f3e0f1be63266ab4d554740532335b9d75ea669"},
    {file = "pluggy-1.5.0.tar.gz", hash = "sha256:2cffa88e94fdc978c4c574f15f9e59b7f4201d439195c3715ca9e2486f1d0cf1"},
]

[package.extras]
dev = ["pre-commit", "tox"]
testing = ["pytest", "pytest-benchmark"]

[[package]]
name = "pygments"
version = "2.19.1"
description = "Pygments is a syntax highlighting package written in Python."
optional = false
python-versions = ">=3.8"
groups = ["main"]
files = [
    {file = "pygments-2.19.1-py3-none-any.whl", hash = "sha256:9ea1544ad55cecf4b8242fab6dd35a93bbce657034b0611ee383099054ab6d8c"},
    {file = "pygments-2.19.1.tar.gz", hash = "sha256:61c16d2a8576dc0649d9f39e089b5f02bcd27fba10d8fb4dcc28173f7a45151f"},
]

[package.extras]
windows-terminal = ["colorama (>=0.4.6)"]

[[package]]
name = "pytest"
version = "8.3.5"
description = "pytest: simple powerful testing with Python"
optional = false
python-versions = ">=3.8"
groups = ["main"]
files = [
    {file = "pytest-8.3.5-py3-none-any.whl", hash = "sha256:c69214aa47deac29fad6c2a4f590b9c4a9fdb16a403176fe154b79c0b4d4d820"},
    {file = "pytest-8.3.5.tar.gz", hash = "sha256:f4efe70cc14e511565ac476b57c279e12a855b11f48f212af1080ef2263d3845"},
]

[package.dependencies]
colorama = {version = "*", markers = "sys_platform == \"win32\""}
exceptiongroup = {version = ">=1.0.0rc8", markers = "python_version < \"3.11\""}
iniconfig = "*"
packaging = "*"
pluggy = ">=1.5,<2"
tomli = {version = ">=1", markers = "python_version < \"3.11\""}

[package.extras]
dev = ["argcomplete", "attrs (>=19.2)", "hypothesis (>=3.56)", "mock", "pygments (>=2.7.2)", "requests", "setuptools", "xmlschema"]

[[package]]
name = "rich"
version = "13.9.4"
description = "Render rich text, tables, progress bars, syntax highlighting, markdown and more to the terminal"
optional = false
python-versions = ">=3.8.0"
groups = ["main"]
files = [
    {file = "rich-13.9.4-py3-none-any.whl", hash = "sha256:6049d5e6ec054bf2779ab3358186963bac2ea89175919d699e378b99738c2a90"},
    {file = "rich-13.9.4.tar.gz", hash = "sha256:439594978a49a09530cff7ebc4b5c7103ef57baf48d5ea3184f21d9a2befa098"},
]

[package.dependencies]
markdown-it-py = ">=2.2.0"
pygments = ">=2.13.0,<3.0.0"
typing-extensions = {version = ">=4.0.0,<5.0", markers = "python_version < \"3.11\""}

[package.extras]
jupyter = ["ipywidgets (>=7.5.1,<9)"]

[[package]]
name = "shellingham"
version = "1.5.4"
description = "Tool to Detect Surrounding Shell"
optional = false
python-versions = ">=3.7"
groups = ["main"]
files = [
    {file = "shellingham-1.5.4-py2.py3-none-any.whl", hash = "sha256:7ecfff8f2fd72616f7481040475a65b2bf8af90a56c89140852d1120324e8686"},
    {file = "shellingham-1.5.4.tar.gz", hash = "sha256:8dbca0739d487e5bd35ab3ca4b36e11c4078f3a234bfce294b0a0291363404de"},
]

[[package]]
name = "tomli"
version = "2.2.1"
description = "A lil' TOML parser"
optional = false
python-versions = ">=3.8"
groups = ["main"]
markers = "python_version == \"3.10\""
files = [
    {file = "tomli-2.2.1-cp311-cp311-macosx_10_9_x86_64.whl", hash = "sha256:678e4fa69e4575eb77d103de3df8a895e1591b48e740211bd1067378c69e8249"},
    {file = "tomli-2.2.1-cp311-cp311-macosx_11_0_arm64.whl", hash = "sha256:023aa114dd824ade0100497eb2318602af309e5a55595f76b626d6d9f3b7b0a6"},
    {file = "tomli-2.2.1-cp311-cp311-manylinux_2_17_aarch64.manylinux2014_aarch64.whl", hash = "sha256:ece47d672db52ac607a3d9599a9d48dcb2f2f735c6c2d1f34130085bb12b112a"},
    {file = "tomli-2.2.1-cp311-cp311-manylinux_2_17_x86_64.manylinux2014_x86_64.whl", hash = "sha256:6972ca9c9cc9f0acaa56a8ca1ff51e7af152a9f87fb64623e31d5c83700080ee"},
    {file = "tomli-2.2.1-cp311-cp311-manylinux_2_5_i686.manylinux1_i686.manylinux_2_17_i686.manylinux2014_i686.whl", hash = "sha256:c954d2250168d28797dd4e3ac5cf812a406cd5a92674ee4c8f123c889786aa8e"},
    {file = "tomli-2.2.1-cp311-cp311-musllinux_1_2_aarch64.whl", hash = "sha256:8dd28b3e155b80f4d54beb40a441d366adcfe740969820caf156c019fb5c7ec4"},
    {file = "tomli-2.2.1-cp311-cp311-musllinux_1_2_i686.whl", hash = "sha256:e59e304978767a54663af13c07b3d1af22ddee3bb2fb0618ca1593e4f593a106"},
    {file = "tomli-2.2.1-cp311-cp311-musllinux_1_2_x86_64.whl", hash = "sha256:33580bccab0338d00994d7f16f4c4ec25b776af3ffaac1ed74e0b3fc95e885a8"},
    {file = "tomli-2.2.1-cp311-cp311-win32.whl", hash = "sha256:465af0e0875402f1d226519c9904f37254b3045fc5084697cefb9bdde1ff99ff"},
    {file = "tomli-2.2.1-cp311-cp311-win_amd64.whl", hash = "sha256:2d0f2fdd22b02c6d81637a3c95f8cd77f995846af7414c5c4b8d0545afa1bc4b"},
    {file = "tomli-2.2.1-cp312-cp312-macosx_10_13_x86_64.whl", hash = "sha256:4a8f6e44de52d5e6c657c9fe83b562f5f4256d8ebbfe4ff922c495620a7f6cea"},
    {file = "tomli-2.2.1-cp312-cp312-macosx_11_0_arm64.whl", hash = "sha256:8d57ca8095a641b8237d5b079147646153d22552f1c637fd3ba7f4b0b29167a8"},
    {file = "tomli-2.2.1-cp312-cp312-manylinux_2_17_aarch64.manylinux2014_aarch64.whl", hash = "sha256:4e340144ad7ae1533cb897d406382b4b6fede8890a03738ff1683af800d54192"},
    {file = "tomli-2.2.1-cp312-cp312-manylinux_2_17_x86_64.manylinux2014_x86_64.whl", hash = "sha256:db2b95f9de79181805df90bedc5a5ab4c165e6ec3fe99f970d0e302f384ad222"},
    {file = "tomli-2.2.1-cp312-cp312-manylinux_2_5_i686.manylinux1_i686.manylinux_2_17_i686.manylinux2014_i686.whl", hash = "sha256:40741994320b232529c802f8bc86da4e1aa9f413db394617b9a256ae0f9a7f77"},
    {file = "tomli-2.2.1-cp312-cp312-musllinux_1_2_aarch64.whl", hash = "sha256:400e720fe168c0f8521520190686ef8ef033fb19fc493da09779e592861b78c6"},
    {file = "tomli-2.2.1-cp312-cp312-musllinux_1_2_i686.whl", hash = "sha256:02abe224de6ae62c19f090f68da4e27b10af2b93213d36cf44e6e1c5abd19fdd"},
    {file = "tomli-2.2.1-cp312-cp312-musllinux_1_2_x86_64.whl", hash = "sha256:b82ebccc8c8a36f2094e969560a1b836758481f3dc360ce9a3277c65f374285e"},
    {file = "tomli-2.2.1-cp312-cp312-win32.whl", hash = "sha256:889f80ef92701b9dbb224e49ec87c645ce5df3fa2cc548664eb8a25e03127a98"},
    {file = "tomli-2.2.1-cp312-cp312-win_amd64.whl", hash = "sha256:7fc04e92e1d624a4a63c76474610238576942d6b8950a2d7f908a340494e67e4"},
    {file = "tomli-2.2.1-cp313-cp313-macosx_10_13_x86_64.whl", hash = "sha256:f4039b9cbc3048b2416cc57ab3bda989a6fcf9b36cf8937f01a6e731b64f80d7"},
    {file = "tomli-2.2.1-cp313-cp313-macosx_11_0_arm64.whl", hash = "sha256:286f0ca2ffeeb5b9bd4fcc8d6c330534323ec51b2f52da063b11c502da16f30c"},
    {file = "tomli-2.2.1-cp313-cp313-manylinux_2_17_aarch64.manylinux2014_aarch64.whl", hash = "sha256:a92ef1a44547e894e2a17d24e7557a5e85a9e1d0048b0b5e7541f76c5032cb13"},
    {file = "tomli-2.2.1-cp313-cp313-manylinux_2_17_x86_64.manylinux2014_x86_64.whl", hash = "sha256:9316dc65bed1684c9a98ee68759ceaed29d229e985297003e494aa825ebb0281"},
    {file = "tomli-2.2.1-cp313-cp313-manylinux_2_5_i686.manylinux1_i686.manylinux_2_17_i686.manylinux2014_i686.whl", hash = "sha256:e85e99945e688e32d5a35c1ff38ed0b3f41f43fad8df0bdf79f72b2ba7bc5272"},
    {file = "tomli-2.2.1-cp313-cp313-musllinux_1_2_aarch64.whl", hash = "sha256:ac065718db92ca818f8d6141b5f66369833d4a80a9d74435a268c52bdfa73140"},
    {file = "tomli-2.2.1-cp313-cp313-musllinux_1_2_i686.whl", hash = "sha256:d920f33822747519673ee656a4b6ac33e382eca9d331c87770faa3eef562aeb2"},
    {file = "tomli-2.2.1-cp313-cp313-musllinux_1_2_x86_64.whl", hash = "sha256:a198f10c4d1b1375d7687bc25294306e551bf1abfa4eace6650070a5c1ae2744"},
    {file = "tomli-2.2.1-cp313-cp313-win32.whl", hash = "sha256:d3f5614314d758649ab2ab3a62d4f2004c825922f9e370b29416484086b264ec"},
    {file = "tomli-2.2.1-cp313-cp313-win_amd64.whl", hash = "sha256:a38aa0308e754b0e3c67e344754dff64999ff9b513e691d0e786265c93583c69"},
    {file = "tomli-2.2.1-py3-none-any.whl", hash = "sha256:cb55c73c5f4408779d0cf3eef9f762b9c9f147a77de7b258bef0a5628adc85cc"},
    {file = "tomli-2.2.1.tar.gz", hash = "sha256:cd45e1dc79c835ce60f7404ec8119f2eb06d38b1deba146f07ced3bbc44505ff"},
]

[[package]]
name = "typer"
version = "0.15.3"
description = "Typer, build great CLIs. Easy to code. Based on Python type hints."
optional = false
python-versions = ">=3.7"
groups = ["main"]
files = [
    {file = "typer-0.15.3-py3-none-any.whl", hash = "sha256:c86a65ad77ca531f03de08d1b9cb67cd09ad02ddddf4b34745b5008f43b239bd"},
    {file = "typer-0.15.3.tar.gz", hash = "sha256:818873625d0569653438316567861899f7e9972f2e6e0c16dab608345ced713c"},
]

[package.dependencies]
click = ">=8.0.0"
rich = ">=10.11.0"
shellingham = ">=1.3.0"
typing-extensions = ">=3.7.4.3"

[[package]]
name = "typing-extensions"
version = "4.12.2"
description = "Backported and Experimental Type Hints for Python 3.8+"
optional = false
python-versions = ">=3.8"
groups = ["main"]
files = [
    {file = "typing_extensions-4.12.2-py3-none-any.whl", hash = "sha256:04e5ca0351e0f3f85c6853954072df659d0d13fac324d0072316b67d7794700d"},
    {file = "typing_extensions-4.12.2.tar.gz", hash = "sha256:1a7ead55c7e559dd4dee8856e3a88b41225abfe1ce8df57b7c13915fe121ffb8"},
]

[[package]]
name = "wcwidth"
version = "0.2.13"
description = "Measures the displayed width of unicode strings in a terminal"
optional = false
python-versions = "*"
groups = ["main"]
files = [
    {file = "wcwidth-0.2.13-py2.py3-none-any.whl", hash = "sha256:3da69048e4540d84af32131829ff948f1e022c1c6bdb8d6102117aac784f6859"},
    {file = "wcwidth-0.2.13.tar.gz", hash = "sha256:72ea0c06399eb286d978fdedb6923a9eb47e1c486ce63e9b4e64fc18303972b5"},
]

[[package]]
name = "win32-setctime"
version = "1.2.0"
description = "A small Python utility to set file creation time on Windows"
optional = false
python-versions = ">=3.5"
groups = ["main"]
markers = "sys_platform == \"win32\""
files = [
    {file = "win32_setctime-1.2.0-py3-none-any.whl", hash = "sha256:95d644c4e708aba81dc3704a116d8cbc974d70b3bdb8be1d150e36be6e9d1390"},
    {file = "win32_setctime-1.2.0.tar.gz", hash = "sha256:ae1fdf948f5640aae05c511ade119313fb6a30d7eabe25fef9764dca5873c4c0"},
]

[package.extras]
dev = ["black (>=19.3b0) ; python_version >= \"3.6\"", "pytest (>=4.6.2)"]

[metadata]
lock-version = "2.1"
python-versions = ">=3.10,<4.0"
content-hash = "159b1660cff30c38483f6bc42922c4db2e9212497794077b6e65b447b82ba3bb"
