# This file is automatically @generated by Poetry 2.1.1 and should not be changed by hand.

[[package]]
name = "beautifultable"
version = "1.1.0"
description = "Print text tables for terminals"
optional = false
python-versions = "*"
groups = ["main"]
files = [
    {file = "beautifultable-1.1.0-py2.py3-none-any.whl", hash = "sha256:b34053a581976c4c23064bb0e918a7f6f22273cf196c787946db323a6a2b7d84"},
    {file = "beautifultable-1.1.0.tar.gz", hash = "sha256:040bc987444965678f4ffdfa2f17ac357f1a13e5875b161c9a1899b375319d17"},
]

[package.dependencies]
wcwidth = "*"

[package.extras]
all = ["pandas"]
dev = ["pandas"]

[[package]]
name = "bitarray"
version = "3.6.0"
description = "efficient arrays of booleans -- C extension"
optional = false
python-versions = "*"
groups = ["main"]
files = [
    {file = "bitarray-3.6.0-cp310-cp310-macosx_10_9_x86_64.whl", hash = "sha256:6841c08b51417f8ffe398b2828fc0593440c99525c868f640e0302476745320b"},
    {file = "bitarray-3.6.0-cp310-cp310-macosx_11_0_arm64.whl", hash = "sha256:a04b7a9017b8d0341ebbe77f61b74df1cf1b714f42b671a06f4912dc93d82597"},
    {file = "bitarray-3.6.0-cp310-cp310-manylinux_2_17_aarch64.manylinux2014_aarch64.whl", hash = "sha256:664d462a4c0783fd755fe3440f07b7e46d149859c96caacadf3f28890f19a8de"},
    {file = "bitarray-3.6.0-cp310-cp310-manylinux_2_17_ppc64le.manylinux2014_ppc64le.whl", hash = "sha256:e997d22e0d1e08c8752f61675a75d93659f7aa4dbeaee54207f8d877817b4a0c"},
    {file = "bitarray-3.6.0-cp310-cp310-manylinux_2_17_s390x.manylinux2014_s390x.whl", hash = "sha256:6755cfcfa7d8966e704d580c831e39818f85e7b2b7852ad22708973176f0009e"},
    {file = "bitarray-3.6.0-cp310-cp310-manylinux_2_17_x86_64.manylinux2014_x86_64.whl", hash = "sha256:4798f6744fa2633666e17b4ea8ff70250781b52a25afdbf5ffb5e176c58848f1"},
    {file = "bitarray-3.6.0-cp310-cp310-manylinux_2_5_i686.manylinux1_i686.manylinux_2_17_i686.manylinux2014_i686.whl", hash = "sha256:efa5834ba5e6c70b22afdca3894097e5a592d8d483c976359654ba990477799a"},
    {file = "bitarray-3.6.0-cp310-cp310-musllinux_1_2_aarch64.whl", hash = "sha256:d47e2bdeba4fb1986af2ba395ce51223f4d460e6e77119439e78f2b592cafade"},
    {file = "bitarray-3.6.0-cp310-cp310-musllinux_1_2_i686.whl", hash = "sha256:2a324e3007afb5c667026f5235b35efe3c4a95f1b83cd93aa9fce67b42f08e7c"},
    {file = "bitarray-3.6.0-cp310-cp310-musllinux_1_2_ppc64le.whl", hash = "sha256:080a7bf55c432abdae74f25dc3dbff407418346aeae1d43e31f65e8ef114f785"},
    {file = "bitarray-3.6.0-cp310-cp310-musllinux_1_2_s390x.whl", hash = "sha256:3eb1390a8b062fe9125e5cc4c5eba990b5d383eec54f2b996e7ce73ac43150f9"},
    {file = "bitarray-3.6.0-cp310-cp310-musllinux_1_2_x86_64.whl", hash = "sha256:2020102a40edd094c0aa80e09203af71c533c41f76ce3237c99fd194a473ea33"},
    {file = "bitarray-3.6.0-cp310-cp310-win32.whl", hash = "sha256:01d6dc548e7fe5c66913c2274f44855b0f8474935acff7811e84fe1f4024c94f"},
    {file = "bitarray-3.6.0-cp310-cp310-win_amd64.whl", hash = "sha256:8d759cecfa8aab4a1eb4e23b6420126b15c7743e85b33f389916bb98c4ecbb84"},
    {file = "bitarray-3.6.0-cp311-cp311-macosx_10_9_x86_64.whl", hash = "sha256:7c20d6e6cafce5027e7092beb2ac6eec0d71045d6318b34f36e1387a8c8859a3"},
    {file = "bitarray-3.6.0-cp311-cp311-macosx_11_0_arm64.whl", hash = "sha256:cf36cadeb9c989f760a13058dbc455e5406ec3d2d247c705c8d4bc6dd1b0fcc6"},
    {file = "bitarray-3.6.0-cp311-cp311-manylinux_2_17_aarch64.manylinux2014_aarch64.whl", hash = "sha256:30ba4fba3de1dca653de41c879349ec6ca521d85cff6a7ca5d2fdd8f76c93781"},
    {file = "bitarray-3.6.0-cp311-cp311-manylinux_2_17_ppc64le.manylinux2014_ppc64le.whl", hash = "sha256:77d2368a06a86a18919c05a9b4b0ee9869f770e6a5f414b0fecc911870fe3974"},
    {file = "bitarray-3.6.0-cp311-cp311-manylinux_2_17_s390x.manylinux2014_s390x.whl", hash = "sha256:a39be79a7c36e9a2e20376261c30deb3cdca86b50f7462ae9ff10a755c6720b9"},
    {file = "bitarray-3.6.0-cp311-cp311-manylinux_2_17_x86_64.manylinux2014_x86_64.whl", hash = "sha256:4695fcd37478988b1d0a16d5bc0df56dcb677fd5db37f1893d993fd3ebef914b"},
    {file = "bitarray-3.6.0-cp311-cp311-manylinux_2_5_i686.manylinux1_i686.manylinux_2_17_i686.manylinux2014_i686.whl", hash = "sha256:52328192d454ca2ddad09fbc088872b014c74b22ecdd5164717dc7e6442014fa"},
    {file = "bitarray-3.6.0-cp311-cp311-musllinux_1_2_aarch64.whl", hash = "sha256:96117212229905da864794df9ea7bd54987c30a5dcbab3432edc3f344231adae"},
    {file = "bitarray-3.6.0-cp311-cp311-musllinux_1_2_i686.whl", hash = "sha256:68f6e64d4867ee79e25c49d7f35b2b1f04a6d6f778176dcf5b759f3b17a02b2b"},
    {file = "bitarray-3.6.0-cp311-cp311-musllinux_1_2_ppc64le.whl", hash = "sha256:29ed022189a7997de46cb9bd4e2e49d6163d4f8d78dea72ac5a0e0293b856810"},
    {file = "bitarray-3.6.0-cp311-cp311-musllinux_1_2_s390x.whl", hash = "sha256:e71c9dba78671d38a549e3b2d52514f50e199f9d7e18ed9b0180adeef0d04130"},
    {file = "bitarray-3.6.0-cp311-cp311-musllinux_1_2_x86_64.whl", hash = "sha256:ddb319f869d497ef2d3d56319360b61284a9a1d8b3de3bc936748698acfda6be"},
    {file = "bitarray-3.6.0-cp311-cp311-win32.whl", hash = "sha256:25060e7162e44242a449ed1a14a4e94b5aef340812754c443459f19c7954be91"},
    {file = "bitarray-3.6.0-cp311-cp311-win_amd64.whl", hash = "sha256:f2d951002b11962b26afb31f758c18ad39771f287b100fa5adb1d09a47eaaf5b"},
    {file = "bitarray-3.6.0-cp312-cp312-macosx_10_13_x86_64.whl", hash = "sha256:b9616ea14917d06736339cf36bb9eaf4eb52110a74136b0dc5eff94e92417d22"},
    {file = "bitarray-3.6.0-cp312-cp312-macosx_11_0_arm64.whl", hash = "sha256:7e2e1ff784c2cdfd863bad31985851427f2d2796e445cec85080c7510cba4315"},
    {file = "bitarray-3.6.0-cp312-cp312-manylinux_2_17_aarch64.manylinux2014_aarch64.whl", hash = "sha256:911b4a16dce370657e5b8d8b6ba0fbb50dd5e2b24c4416f4b9e664503d3f0502"},
    {file = "bitarray-3.6.0-cp312-cp312-manylinux_2_17_ppc64le.manylinux2014_ppc64le.whl", hash = "sha256:0b47843f2f288fa746dead4394591a3432a358aaad48240283fa230d6e74b0e7"},
    {file = "bitarray-3.6.0-cp312-cp312-manylinux_2_17_s390x.manylinux2014_s390x.whl", hash = "sha256:8f95daf0ce2b24815ddf62667229ba5dfc0cfee43eb43b2549766170d0f24ae9"},
    {file = "bitarray-3.6.0-cp312-cp312-manylinux_2_17_x86_64.manylinux2014_x86_64.whl", hash = "sha256:c15b9e37bbca59657e4dcc63ad068c821a4676def15f04742c406748a0a11b9c"},
    {file = "bitarray-3.6.0-cp312-cp312-manylinux_2_5_i686.manylinux1_i686.manylinux_2_17_i686.manylinux2014_i686.whl", hash = "sha256:c9d247fcc33c90f2758f4162693250341e3f38cd094f64390076ef33ad0887f9"},
    {file = "bitarray-3.6.0-cp312-cp312-musllinux_1_2_aarch64.whl", hash = "sha256:84bb57010a1ab76cf880424a2e0bce8dd26989849d2122ff073aa11bfc271c27"},
    {file = "bitarray-3.6.0-cp312-cp312-musllinux_1_2_i686.whl", hash = "sha256:27d13c7b886afc5d2fc49d6e92f9c96b1f0a14dc7b5502520c29f3da7550d401"},
    {file = "bitarray-3.6.0-cp312-cp312-musllinux_1_2_ppc64le.whl", hash = "sha256:1c4e75bbf9ade3d2cdf1b607a8b353b17d9b3cf54e88b2a5a773f50ae6f1bfbc"},
    {file = "bitarray-3.6.0-cp312-cp312-musllinux_1_2_s390x.whl", hash = "sha256:975a118aa019d745f1398613b27fd8789f60a8cea057a00cdc1abedee123ffe6"},
    {file = "bitarray-3.6.0-cp312-cp312-musllinux_1_2_x86_64.whl", hash = "sha256:9ed4a2852b3de7a64884afcc6936db771707943249a060aec8e551c16361d478"},
    {file = "bitarray-3.6.0-cp312-cp312-win32.whl", hash = "sha256:5dd9edcab8979a50c2c4dec6d5b66789fb6f630bb52ab90a4548111075a75e48"},
    {file = "bitarray-3.6.0-cp312-cp312-win_amd64.whl", hash = "sha256:552a93be286ca485914777461b384761519db313e0a7f3012dca424c9610a4d5"},
    {file = "bitarray-3.6.0-cp313-cp313-macosx_10_13_x86_64.whl", hash = "sha256:f3f96f57cea35ba19fd23a20b38fa0dfa3d87d582507129b8c8e314aa298f59b"},
    {file = "bitarray-3.6.0-cp313-cp313-macosx_11_0_arm64.whl", hash = "sha256:81e84054b22babcd6c5cc1eac0de2bfc1054ecdf742720cbfb36efbe89ec6c30"},
    {file = "bitarray-3.6.0-cp313-cp313-manylinux_2_17_aarch64.manylinux2014_aarch64.whl", hash = "sha256:ca643295bf5441dd38dadf7571ca4b63961820eedbffbe46ceba0893bf226203"},
    {file = "bitarray-3.6.0-cp313-cp313-manylinux_2_17_ppc64le.manylinux2014_ppc64le.whl", hash = "sha256:139963494fc3dd5caee5e38c0a03783ef50be118565e94b1dbb0210770f0b32d"},
    {file = "bitarray-3.6.0-cp313-cp313-manylinux_2_17_s390x.manylinux2014_s390x.whl", hash = "sha256:243825f56b58bef28bfc602992a8c6d09bbc625628c195498d6020120d632a09"},
    {file = "bitarray-3.6.0-cp313-cp313-manylinux_2_17_x86_64.manylinux2014_x86_64.whl", hash = "sha256:583b46b3ba44121de5e87e95ae379932dc5fd2e37ebdf2c11a6d7975891425c1"},
    {file = "bitarray-3.6.0-cp313-cp313-manylinux_2_5_i686.manylinux1_i686.manylinux_2_17_i686.manylinux2014_i686.whl", hash = "sha256:6f0be27d06732e2833b672a8fcc32fa195bdb22161eb88f8890de15e30264a01"},
    {file = "bitarray-3.6.0-cp313-cp313-musllinux_1_2_aarch64.whl", hash = "sha256:507e567aee4806576e20752f22533e8b7ec61e7e75062a7ce9222a0675aa0da6"},
    {file = "bitarray-3.6.0-cp313-cp313-musllinux_1_2_i686.whl", hash = "sha256:22188943a29072b684cd7c99e0b2cfc0af317cea3366c583d820507e6d1f2ed4"},
    {file = "bitarray-3.6.0-cp313-cp313-musllinux_1_2_ppc64le.whl", hash = "sha256:f92462ea3888c99439f58f7561ecd5dd4cf8b8b1b259ccf5376667b8c46ee747"},
    {file = "bitarray-3.6.0-cp313-cp313-musllinux_1_2_s390x.whl", hash = "sha256:3800f3c8c9780f281cf590543fd4b3278fea6988202273a260ecc58136895efb"},
    {file = "bitarray-3.6.0-cp313-cp313-musllinux_1_2_x86_64.whl", hash = "sha256:a50a66fa34dd7f9dcdbc7602a1b7bf6f9ab030b4f43e892324193423d9ede180"},
    {file = "bitarray-3.6.0-cp313-cp313-win32.whl", hash = "sha256:afa24e5750c9b89ad5a7efef037efe49f4e339f20a94bf678c422c0c71e1207a"},
    {file = "bitarray-3.6.0-cp313-cp313-win_amd64.whl", hash = "sha256:e4c5e7edf1e7bcbde3b52058f171a411e2a24a081b3e951d685dfea4c3c383d5"},
    {file = "bitarray-3.6.0-cp36-cp36m-macosx_10_9_x86_64.whl", hash = "sha256:fefd18b29f3b84a0cdea1d86340219d9871c3b0673a38e722a73a2c39591eaa7"},
    {file = "bitarray-3.6.0-cp36-cp36m-manylinux_2_17_aarch64.manylinux2014_aarch64.whl", hash = "sha256:679856547f0b27b98811b73756bdf53769c23b045a6f95177cae634daabf1ddf"},
    {file = "bitarray-3.6.0-cp36-cp36m-manylinux_2_17_ppc64le.manylinux2014_ppc64le.whl", hash = "sha256:51947a00ae9924584fb14c0c1b1f4c1fd916d9abd6f47582f318ab9c9cb9f3d0"},
    {file = "bitarray-3.6.0-cp36-cp36m-manylinux_2_17_s390x.manylinux2014_s390x.whl", hash = "sha256:0956322bf4d5e2293e57600aa929c241edf1e209e94e12483bf58c5c691432db"},
    {file = "bitarray-3.6.0-cp36-cp36m-manylinux_2_17_x86_64.manylinux2014_x86_64.whl", hash = "sha256:b3b521e117ab991d6b3b830656f464b354a42dbea2ca16a0e7d93d573f7ab7ff"},
    {file = "bitarray-3.6.0-cp36-cp36m-manylinux_2_5_i686.manylinux1_i686.manylinux_2_17_i686.manylinux2014_i686.whl", hash = "sha256:27eeee915258b105a21a4b0f8aebc5f77bb4dc4fb4063a09dd329fa1fdcbd234"},
    {file = "bitarray-3.6.0-cp36-cp36m-musllinux_1_2_aarch64.whl", hash = "sha256:f738051052abc95dc17f9a4c92044294a263fb7f762efdb13e528d419005c0e4"},
    {file = "bitarray-3.6.0-cp36-cp36m-musllinux_1_2_i686.whl", hash = "sha256:1971050b447023288a2b694a03b400bd5163829cd67b10f19e757fe87cd1161e"},
    {file = "bitarray-3.6.0-cp36-cp36m-musllinux_1_2_ppc64le.whl", hash = "sha256:a290a417608f50137bec731d1f22ff3efebac72845530807a8433b2db9358c95"},
    {file = "bitarray-3.6.0-cp36-cp36m-musllinux_1_2_s390x.whl", hash = "sha256:8ef3f0977c21190f949d5cfd71ded09de87d330c6d98bd5ecb5bb1135d666d0d"},
    {file = "bitarray-3.6.0-cp36-cp36m-musllinux_1_2_x86_64.whl", hash = "sha256:357e07c827bad01f98d0bd0dfdc722f483febeed39140fd75ffd016a451b60b9"},
    {file = "bitarray-3.6.0-cp36-cp36m-win32.whl", hash = "sha256:bdd6412c1f38da7565126b174f4e644f362e317ef0560fac1fb9d0c70900ff4d"},
    {file = "bitarray-3.6.0-cp36-cp36m-win_amd64.whl", hash = "sha256:a1b3c4ca3bec8e0ad9d32ce62444c5f3913588124a922629aa7d39357b2adf3f"},
    {file = "bitarray-3.6.0-cp37-cp37m-macosx_10_9_x86_64.whl", hash = "sha256:531e6dfec8058fcf5d69e863b61e6b28e3749b615a4dcc0ab8ad36307c4017fc"},
    {file = "bitarray-3.6.0-cp37-cp37m-manylinux_2_17_aarch64.manylinux2014_aarch64.whl", hash = "sha256:0a6f9e897907757e9c2d722ae6c203d48a04826a14e1495e33935c8583c163a9"},
    {file = "bitarray-3.6.0-cp37-cp37m-manylinux_2_17_ppc64le.manylinux2014_ppc64le.whl", hash = "sha256:1c9f36055a89b9517db66eb8e80137126bf629c767ceeade4d004e40bc8bcd99"},
    {file = "bitarray-3.6.0-cp37-cp37m-manylinux_2_17_s390x.manylinux2014_s390x.whl", hash = "sha256:3d6f3a94abd8b44b2bf346ca81ab2ff41ab9146c53905eedf5178b19d9fe53bf"},
    {file = "bitarray-3.6.0-cp37-cp37m-manylinux_2_17_x86_64.manylinux2014_x86_64.whl", hash = "sha256:79db23eda81627132327ed292bd813a9af64399b98aaac3d42ad8deeed24cd5e"},
    {file = "bitarray-3.6.0-cp37-cp37m-manylinux_2_5_i686.manylinux1_i686.manylinux_2_17_i686.manylinux2014_i686.whl", hash = "sha256:8d6c9bc14bacdfbfd51fed85f0576973eaaa7b30d81ef93264f8e22b86a9c9f7"},
    {file = "bitarray-3.6.0-cp37-cp37m-musllinux_1_2_aarch64.whl", hash = "sha256:60408ec9c0bd76f1fa00d28034429a0316246d31069b982a86aec8d5c99e910a"},
    {file = "bitarray-3.6.0-cp37-cp37m-musllinux_1_2_i686.whl", hash = "sha256:870ed23361e2918ab1ffc23fe0ab293abf3c372a68ee7387456d13da3e213008"},
    {file = "bitarray-3.6.0-cp37-cp37m-musllinux_1_2_ppc64le.whl", hash = "sha256:c677849947d523a082be6e0b5c9137f443a54e951a1711ef003ec52910c41ece"},
    {file = "bitarray-3.6.0-cp37-cp37m-musllinux_1_2_s390x.whl", hash = "sha256:a5ce1bdee102f7e60c075274df10b892d9ff5183ad6f5f515973eda8903dfe4c"},
    {file = "bitarray-3.6.0-cp37-cp37m-musllinux_1_2_x86_64.whl", hash = "sha256:a33f7c5acf44961f29018b13f0b5f5e1589ac0cfdf75a97c9774cf7ec84d09e0"},
    {file = "bitarray-3.6.0-cp37-cp37m-win32.whl", hash = "sha256:16d0edab54bb9d214319418f65bd15cfc4210ec41a16c3dd0b71e626c803212d"},
    {file = "bitarray-3.6.0-cp37-cp37m-win_amd64.whl", hash = "sha256:f76784355060999c36fa807b59faecb38f5769ae58283d00270835773f95e35b"},
    {file = "bitarray-3.6.0-cp38-cp38-macosx_10_9_x86_64.whl", hash = "sha256:cc060bc17b9de27874997d612e37d52f72092f9b59d1e04284a90ed8113cadca"},
    {file = "bitarray-3.6.0-cp38-cp38-macosx_11_0_arm64.whl", hash = "sha256:bfc417e58f277e949ed662d9cd050ddbb00c0dea8a828abaccc93dc357b7a6d1"},
    {file = "bitarray-3.6.0-cp38-cp38-manylinux_2_17_aarch64.manylinux2014_aarch64.whl", hash = "sha256:129165b68a3e0c2a633ed0d8557cf5ade24a0b37ca97d7805fa6fc5fb73c19d5"},
    {file = "bitarray-3.6.0-cp38-cp38-manylinux_2_17_ppc64le.manylinux2014_ppc64le.whl", hash = "sha256:50d702149747852923be60cae125285eca8d189d4c7d8832c0c958d4071a0f78"},
    {file = "bitarray-3.6.0-cp38-cp38-manylinux_2_17_s390x.manylinux2014_s390x.whl", hash = "sha256:ccf4a73e07bfbd790443d6b3c1f1447ffda23cc9391e40c035d9b7d3514b57b8"},
    {file = "bitarray-3.6.0-cp38-cp38-manylinux_2_17_x86_64.manylinux2014_x86_64.whl", hash = "sha256:6f7d2dbe628f3db935622a5b80a5c4d95665cdefc4904372aa3c4d786289477f"},
    {file = "bitarray-3.6.0-cp38-cp38-manylinux_2_5_i686.manylinux1_i686.manylinux_2_17_i686.manylinux2014_i686.whl", hash = "sha256:5da4939e241301f5e1d18118695e8d2c300be90431b66bd43a00376acec45e1e"},
    {file = "bitarray-3.6.0-cp38-cp38-musllinux_1_2_aarch64.whl", hash = "sha256:9930853d451086c4c084d83a87294bdb0c5bc0fa4105a26c487ac09ea62e565b"},
    {file = "bitarray-3.6.0-cp38-cp38-musllinux_1_2_i686.whl", hash = "sha256:e0e4fdeae6c0a9d886749780ec5dcf469e98f27b312efa93008d03eaa2426fd5"},
    {file = "bitarray-3.6.0-cp38-cp38-musllinux_1_2_ppc64le.whl", hash = "sha256:79ab1c5f26f23e51d4a44c4397c8a3bf56c306c125dfab6b3eebdfa13d1dca6f"},
    {file = "bitarray-3.6.0-cp38-cp38-musllinux_1_2_s390x.whl", hash = "sha256:b9a03767c937b621ee267507bc394df97fb2f8f61130f39f2033f3c6c191f124"},
    {file = "bitarray-3.6.0-cp38-cp38-musllinux_1_2_x86_64.whl", hash = "sha256:54bd71f14a5fa9bae73ef92f2e2be894dc36c7a6d1c4962e5969bd8a9aa39325"},
    {file = "bitarray-3.6.0-cp38-cp38-win32.whl", hash = "sha256:7e0851a985a7b10f634188117c825ef99d63402555cca5bc32c7bfc5adaf0d6f"},
    {file = "bitarray-3.6.0-cp38-cp38-win_amd64.whl", hash = "sha256:00628196dd3592972a5183194ab1475dadf9ef2a4cf3fd8c7c184a94934012e8"},
    {file = "bitarray-3.6.0-cp39-cp39-macosx_10_9_x86_64.whl", hash = "sha256:69d2d507c1174330c71c834b5d65e66181ad7b42b0d88b5b31804ee9b4f5dae7"},
    {file = "bitarray-3.6.0-cp39-cp39-macosx_11_0_arm64.whl", hash = "sha256:727f7a969416f02ef5c1256541e06f0836fb615022699fa8e2591e85296c5570"},
    {file = "bitarray-3.6.0-cp39-cp39-manylinux_2_17_aarch64.manylinux2014_aarch64.whl", hash = "sha256:42622c42c159ea4535bba7e1e3c97f1fec79505bc6873ae657dc0a8f861c60de"},
    {file = "bitarray-3.6.0-cp39-cp39-manylinux_2_17_ppc64le.manylinux2014_ppc64le.whl", hash = "sha256:7f8b12424f8fdf29d1c0749c628bd1530cecfc77374935d096cccc0e4eada232"},
    {file = "bitarray-3.6.0-cp39-cp39-manylinux_2_17_s390x.manylinux2014_s390x.whl", hash = "sha256:963cbcf296943f7017470d0b705e63e908f32b4f7dbe43f72c22f6fe1bd9ef66"},
    {file = "bitarray-3.6.0-cp39-cp39-manylinux_2_17_x86_64.manylinux2014_x86_64.whl", hash = "sha256:5e304f94c0353f6ae5711533b5793b3a45b17aa2c5b07e656649b0af4e0939b5"},
    {file = "bitarray-3.6.0-cp39-cp39-manylinux_2_5_i686.manylinux1_i686.manylinux_2_17_i686.manylinux2014_i686.whl", hash = "sha256:2c533c828d0007fac27cf45e5c1a711e5914dd469db5fe6be5f4e606bf2d7f63"},
    {file = "bitarray-3.6.0-cp39-cp39-musllinux_1_2_aarch64.whl", hash = "sha256:220d4b8649ef54ac98e5e0e3dd92230247f67270d1524a8b31aa9859007affb0"},
    {file = "bitarray-3.6.0-cp39-cp39-musllinux_1_2_i686.whl", hash = "sha256:407920e9318d94cc6c9611aaa5b5e5963a09f1cbfa17b16b66edea453b3754f4"},
    {file = "bitarray-3.6.0-cp39-cp39-musllinux_1_2_ppc64le.whl", hash = "sha256:056fe779f01a867d572e071c0944ac2f3bf58d8bced326040f0bd060af33a209"},
    {file = "bitarray-3.6.0-cp39-cp39-musllinux_1_2_s390x.whl", hash = "sha256:ca87f639094c72268e17bc7f57c1225cc38f9e191a489a0134762e3fec402c1a"},
    {file = "bitarray-3.6.0-cp39-cp39-musllinux_1_2_x86_64.whl", hash = "sha256:b5ad8261f47c2a72d0f676bc40f752db8cfdcab911e970753343836e41d5a9a7"},
    {file = "bitarray-3.6.0-cp39-cp39-win32.whl", hash = "sha256:a773199dc42b5d02fcd46c8add552da2c4725ce2caa069527c7e27b5b6089e85"},
    {file = "bitarray-3.6.0-cp39-cp39-win_amd64.whl", hash = "sha256:157313a124287cbc8a11b55a75def0dd59e68badbc82c2dc2d204dc852742874"},
    {file = "bitarray-3.6.0-pp310-pypy310_pp73-macosx_10_15_x86_64.whl", hash = "sha256:a763dd33d6e27c9b4db3f8089a5fa39179a8a3cf48ce702b24a857d7c621333c"},
    {file = "bitarray-3.6.0-pp310-pypy310_pp73-macosx_11_0_arm64.whl", hash = "sha256:8cf44b012e7493127ce7ca6e469138ac96b3295a117877d5469aabe7c8728d87"},
    {file = "bitarray-3.6.0-pp310-pypy310_pp73-manylinux_2_17_aarch64.manylinux2014_aarch64.whl", hash = "sha256:4e297fd2e58afe17e33dd80c231c3a9d850279a2a8625aed1d39f9be9534809e"},
    {file = "bitarray-3.6.0-pp310-pypy310_pp73-manylinux_2_17_x86_64.manylinux2014_x86_64.whl", hash = "sha256:11fc8bc65f964c7278deb1b7a69379dab3ecc90095f252deb17365637ebb274d"},
    {file = "bitarray-3.6.0-pp310-pypy310_pp73-manylinux_2_5_i686.manylinux1_i686.manylinux_2_17_i686.manylinux2014_i686.whl", hash = "sha256:aa3c925502bd0b957a96a5619134bcdc0382ef73cffd40bad218ced3586bcf8d"},
    {file = "bitarray-3.6.0-pp310-pypy310_pp73-win_amd64.whl", hash = "sha256:9f7796959c9c036a115d34696563f75d4a2912d3b97c15c15f2a36bdd5496ce9"},
    {file = "bitarray-3.6.0-pp37-pypy37_pp73-macosx_10_9_x86_64.whl", hash = "sha256:b02cc1cac9099c0ec72da09593e7fadb1b6cf88a101acc8153592c700d732d80"},
    {file = "bitarray-3.6.0-pp37-pypy37_pp73-manylinux_2_17_aarch64.manylinux2014_aarch64.whl", hash = "sha256:26691454a6770628882b68fe74e9f84ca2a51512edd49cbb025b14df5a9dd85a"},
    {file = "bitarray-3.6.0-pp37-pypy37_pp73-manylinux_2_17_x86_64.manylinux2014_x86_64.whl", hash = "sha256:4a5b0d277087a5bf261a607fc6ff4aaffcf80b300cd19b7a1e9754a4649f5fd4"},
    {file = "bitarray-3.6.0-pp37-pypy37_pp73-manylinux_2_5_i686.manylinux1_i686.manylinux_2_17_i686.manylinux2014_i686.whl", hash = "sha256:af670708e145b048ead87375b899229443f2d0b4af2d1450d7701c74cd932b03"},
    {file = "bitarray-3.6.0-pp37-pypy37_pp73-win_amd64.whl", hash = "sha256:aeb6db2f4ab54ac21a3851d05130a2aa78a6f6a5f14003f9ae3114fb8b210850"},
    {file = "bitarray-3.6.0-pp38-pypy38_pp73-macosx_10_9_x86_64.whl", hash = "sha256:99d16862e802e7c50c3b6cdd1bf041b6142335c9c2b426631f731257adfe5a15"},
    {file = "bitarray-3.6.0-pp38-pypy38_pp73-macosx_11_0_arm64.whl", hash = "sha256:66d8b7a89fac6042f7df9ea97d97ed0f5e404281110a882e3babd909161f85b6"},
    {file = "bitarray-3.6.0-pp38-pypy38_pp73-manylinux_2_17_aarch64.manylinux2014_aarch64.whl", hash = "sha256:62f71b268f14ee6cc3045b95441bfe0518cef1d0b2ffbc6f3e9758f786ff5a03"},
    {file = "bitarray-3.6.0-pp38-pypy38_pp73-manylinux_2_17_x86_64.manylinux2014_x86_64.whl", hash = "sha256:72760411d60d8d76979a20ed3f15586d824db04668b581b86e61158c2b616db0"},
    {file = "bitarray-3.6.0-pp38-pypy38_pp73-manylinux_2_5_i686.manylinux1_i686.manylinux_2_17_i686.manylinux2014_i686.whl", hash = "sha256:dbc5029c61f9ebb2d4c247f13584a0ef0e8e49abb13e56460310821aca3ffcaf"},
    {file = "bitarray-3.6.0-pp38-pypy38_pp73-win_amd64.whl", hash = "sha256:0ac446f557eb28e3f7c65372608810ff073840627e9037e22ed10bd081793a34"},
    {file = "bitarray-3.6.0-pp39-pypy39_pp73-macosx_10_15_x86_64.whl", hash = "sha256:b9ae0008cff25e154ef1e3975a1705d344e844ffdeb34c25b007fd48c876e95d"},
    {file = "bitarray-3.6.0-pp39-pypy39_pp73-macosx_11_0_arm64.whl", hash = "sha256:db78cc5c03b446a43413165aa873e2f408e9fd5ddb45533e7bd3b638bace867c"},
    {file = "bitarray-3.6.0-pp39-pypy39_pp73-manylinux_2_17_aarch64.manylinux2014_aarch64.whl", hash = "sha256:5cfbdccddaa0ff07789e9e180db127906c676e479e05c04830cd458945de3511"},
    {file = "bitarray-3.6.0-pp39-pypy39_pp73-manylinux_2_17_x86_64.manylinux2014_x86_64.whl", hash = "sha256:222cb27ff05bc0aec72498d075dba1facec49a76a7da45740690cebbe3e81e43"},
    {file = "bitarray-3.6.0-pp39-pypy39_pp73-manylinux_2_5_i686.manylinux1_i686.manylinux_2_17_i686.manylinux2014_i686.whl", hash = "sha256:5b58a672ec448fb36839a5fc7bf2b2f60df9a97b872d8bd6ca1a28da6126f5c7"},
    {file = "bitarray-3.6.0-pp39-pypy39_pp73-win_amd64.whl", hash = "sha256:b37c9ea942395de029be270f0eca8c141eb14e8455941495cd3b6f95bbe465f4"},
    {file = "bitarray-3.6.0.tar.gz", hash = "sha256:20febc849a1f858e6a57a7d47b323fe9e727c579ddd526d317ad8831748a66a8"},
]

[[package]]
name = "click"
version = "8.1.8"
description = "Composable command line interface toolkit"
optional = false
python-versions = ">=3.7"
groups = ["main"]
files = [
    {file = "click-8.1.8-py3-none-any.whl", hash = "sha256:63c132bbbed01578a06712a2d1f497bb62d9c1c0d329b7903a866228027263b2"},
    {file = "click-8.1.8.tar.gz", hash = "sha256:ed53c9d8990d83c2a27deae68e4ee337473f6330c040a31d4225c9574d16096a"},
]

[package.dependencies]
colorama = {version = "*", markers = "platform_system == \"Windows\""}

[[package]]
name = "colorama"
version = "0.4.6"
description = "Cross-platform colored terminal text."
optional = false
python-versions = "!=3.0.*,!=3.1.*,!=3.2.*,!=3.3.*,!=3.4.*,!=3.5.*,!=3.6.*,>=2.7"
groups = ["main"]
markers = "sys_platform == \"win32\" or platform_system == \"Windows\""
files = [
    {file = "colorama-0.4.6-py2.py3-none-any.whl", hash = "sha256:4f1d9991f5acc0ca119f9d443620b77f9d6b33703e51011c16baf57afb285fc6"},
    {file = "colorama-0.4.6.tar.gz", hash = "sha256:08695f5cb7ed6e0531a20572697297273c47b8cae5a63ffc6d6ed5c201be6e44"},
]

[[package]]
name = "debugpy"
version = "1.8.14"
description = "An implementation of the Debug Adapter Protocol for Python"
optional = false
python-versions = ">=3.8"
groups = ["dev"]
files = [
    {file = "debugpy-1.8.14-cp310-cp310-macosx_14_0_x86_64.whl", hash = "sha256:93fee753097e85623cab1c0e6a68c76308cd9f13ffdf44127e6fab4fbf024339"},
    {file = "debugpy-1.8.14-cp310-cp310-manylinux_2_5_x86_64.manylinux1_x86_64.manylinux_2_17_x86_64.manylinux2014_x86_64.whl", hash = "sha256:3d937d93ae4fa51cdc94d3e865f535f185d5f9748efb41d0d49e33bf3365bd79"},
    {file = "debugpy-1.8.14-cp310-cp310-win32.whl", hash = "sha256:c442f20577b38cc7a9aafecffe1094f78f07fb8423c3dddb384e6b8f49fd2987"},
    {file = "debugpy-1.8.14-cp310-cp310-win_amd64.whl", hash = "sha256:f117dedda6d969c5c9483e23f573b38f4e39412845c7bc487b6f2648df30fe84"},
    {file = "debugpy-1.8.14-cp311-cp311-macosx_14_0_universal2.whl", hash = "sha256:1b2ac8c13b2645e0b1eaf30e816404990fbdb168e193322be8f545e8c01644a9"},
    {file = "debugpy-1.8.14-cp311-cp311-manylinux_2_5_x86_64.manylinux1_x86_64.manylinux_2_17_x86_64.manylinux2014_x86_64.whl", hash = "sha256:cf431c343a99384ac7eab2f763980724834f933a271e90496944195318c619e2"},
    {file = "debugpy-1.8.14-cp311-cp311-win32.whl", hash = "sha256:c99295c76161ad8d507b413cd33422d7c542889fbb73035889420ac1fad354f2"},
    {file = "debugpy-1.8.14-cp311-cp311-win_amd64.whl", hash = "sha256:7816acea4a46d7e4e50ad8d09d963a680ecc814ae31cdef3622eb05ccacf7b01"},
    {file = "debugpy-1.8.14-cp312-cp312-macosx_14_0_universal2.whl", hash = "sha256:8899c17920d089cfa23e6005ad9f22582fd86f144b23acb9feeda59e84405b84"},
    {file = "debugpy-1.8.14-cp312-cp312-manylinux_2_5_x86_64.manylinux1_x86_64.manylinux_2_17_x86_64.manylinux2014_x86_64.whl", hash = "sha256:f6bb5c0dcf80ad5dbc7b7d6eac484e2af34bdacdf81df09b6a3e62792b722826"},
    {file = "debugpy-1.8.14-cp312-cp312-win32.whl", hash = "sha256:281d44d248a0e1791ad0eafdbbd2912ff0de9eec48022a5bfbc332957487ed3f"},
    {file = "debugpy-1.8.14-cp312-cp312-win_amd64.whl", hash = "sha256:5aa56ef8538893e4502a7d79047fe39b1dae08d9ae257074c6464a7b290b806f"},
    {file = "debugpy-1.8.14-cp313-cp313-macosx_14_0_universal2.whl", hash = "sha256:329a15d0660ee09fec6786acdb6e0443d595f64f5d096fc3e3ccf09a4259033f"},
    {file = "debugpy-1.8.14-cp313-cp313-manylinux_2_5_x86_64.manylinux1_x86_64.manylinux_2_17_x86_64.manylinux2014_x86_64.whl", hash = "sha256:0f920c7f9af409d90f5fd26e313e119d908b0dd2952c2393cd3247a462331f15"},
    {file = "debugpy-1.8.14-cp313-cp313-win32.whl", hash = "sha256:3784ec6e8600c66cbdd4ca2726c72d8ca781e94bce2f396cc606d458146f8f4e"},
    {file = "debugpy-1.8.14-cp313-cp313-win_amd64.whl", hash = "sha256:684eaf43c95a3ec39a96f1f5195a7ff3d4144e4a18d69bb66beeb1a6de605d6e"},
    {file = "debugpy-1.8.14-cp38-cp38-macosx_14_0_x86_64.whl", hash = "sha256:d5582bcbe42917bc6bbe5c12db1bffdf21f6bfc28d4554b738bf08d50dc0c8c3"},
    {file = "debugpy-1.8.14-cp38-cp38-manylinux_2_5_x86_64.manylinux1_x86_64.manylinux_2_17_x86_64.manylinux2014_x86_64.whl", hash = "sha256:5349b7c3735b766a281873fbe32ca9cca343d4cc11ba4a743f84cb854339ff35"},
    {file = "debugpy-1.8.14-cp38-cp38-win32.whl", hash = "sha256:7118d462fe9724c887d355eef395fae68bc764fd862cdca94e70dcb9ade8a23d"},
    {file = "debugpy-1.8.14-cp38-cp38-win_amd64.whl", hash = "sha256:d235e4fa78af2de4e5609073972700523e372cf5601742449970110d565ca28c"},
    {file = "debugpy-1.8.14-cp39-cp39-macosx_14_0_x86_64.whl", hash = "sha256:413512d35ff52c2fb0fd2d65e69f373ffd24f0ecb1fac514c04a668599c5ce7f"},
    {file = "debugpy-1.8.14-cp39-cp39-manylinux_2_5_x86_64.manylinux1_x86_64.manylinux_2_17_x86_64.manylinux2014_x86_64.whl", hash = "sha256:4c9156f7524a0d70b7a7e22b2e311d8ba76a15496fb00730e46dcdeedb9e1eea"},
    {file = "debugpy-1.8.14-cp39-cp39-win32.whl", hash = "sha256:b44985f97cc3dd9d52c42eb59ee9d7ee0c4e7ecd62bca704891f997de4cef23d"},
    {file = "debugpy-1.8.14-cp39-cp39-win_amd64.whl", hash = "sha256:b1528cfee6c1b1c698eb10b6b096c598738a8238822d218173d21c3086de8123"},
    {file = "debugpy-1.8.14-py2.py3-none-any.whl", hash = "sha256:5cd9a579d553b6cb9759a7908a41988ee6280b961f24f63336835d9418216a20"},
    {file = "debugpy-1.8.14.tar.gz", hash = "sha256:7cd287184318416850aa8b60ac90105837bb1e59531898c07569d197d2ed5322"},
]

[[package]]
name = "exceptiongroup"
version = "1.2.2"
description = "Backport of PEP 654 (exception groups)"
optional = false
python-versions = ">=3.7"
groups = ["main"]
markers = "python_version < \"3.11\""
files = [
    {file = "exceptiongroup-1.2.2-py3-none-any.whl", hash = "sha256:3111b9d131c238bec2f8f516e123e14ba243563fb135d3fe885990585aa7795b"},
    {file = "exceptiongroup-1.2.2.tar.gz", hash = "sha256:47c2edf7c6738fafb49fd34290706d1a1a2f4d1c6df275526b62cbb4aa5393cc"},
]

[package.extras]
test = ["pytest (>=6)"]

[[package]]
name = "iniconfig"
version = "2.0.0"
description = "brain-dead simple config-ini parsing"
optional = false
python-versions = ">=3.7"
groups = ["main"]
files = [
    {file = "iniconfig-2.0.0-py3-none-any.whl", hash = "sha256:b6a85871a79d2e3b22d2d1b94ac2824226a63c6b741c88f7ae975f18b6778374"},
    {file = "iniconfig-2.0.0.tar.gz", hash = "sha256:2d91e135bf72d31a410b17c16da610a82cb55f6b0477d1a902134b24a455b8b3"},
]

[[package]]
name = "loguru"
version = "0.7.3"
description = "Python logging made (stupidly) simple"
optional = false
python-versions = "<4.0,>=3.5"
groups = ["main"]
files = [
    {file = "loguru-0.7.3-py3-none-any.whl", hash = "sha256:31a33c10c8e1e10422bfd431aeb5d351c7cf7fa671e3c4df004162264b28220c"},
    {file = "loguru-0.7.3.tar.gz", hash = "sha256:19480589e77d47b8d85b2c827ad95d49bf31b0dcde16593892eb51dd18706eb6"},
]

[package.dependencies]
colorama = {version = ">=0.3.4", markers = "sys_platform == \"win32\""}
win32-setctime = {version = ">=1.0.0", markers = "sys_platform == \"win32\""}

[package.extras]
dev = ["Sphinx (==8.1.3) ; python_version >= \"3.11\"", "build (==1.2.2) ; python_version >= \"3.11\"", "colorama (==0.4.5) ; python_version < \"3.8\"", "colorama (==0.4.6) ; python_version >= \"3.8\"", "exceptiongroup (==1.1.3) ; python_version >= \"3.7\" and python_version < \"3.11\"", "freezegun (==1.1.0) ; python_version < \"3.8\"", "freezegun (==1.5.0) ; python_version >= \"3.8\"", "mypy (==v0.910) ; python_version < \"3.6\"", "mypy (==v0.971) ; python_version == \"3.6\"", "mypy (==v1.13.0) ; python_version >= \"3.8\"", "mypy (==v1.4.1) ; python_version == \"3.7\"", "myst-parser (==4.0.0) ; python_version >= \"3.11\"", "pre-commit (==4.0.1) ; python_version >= \"3.9\"", "pytest (==6.1.2) ; python_version < \"3.8\"", "pytest (==8.3.2) ; python_version >= \"3.8\"", "pytest-cov (==2.12.1) ; python_version < \"3.8\"", "pytest-cov (==5.0.0) ; python_version == \"3.8\"", "pytest-cov (==6.0.0) ; python_version >= \"3.9\"", "pytest-mypy-plugins (==1.9.3) ; python_version >= \"3.6\" and python_version < \"3.8\"", "pytest-mypy-plugins (==3.1.0) ; python_version >= \"3.8\"", "sphinx-rtd-theme (==3.0.2) ; python_version >= \"3.11\"", "tox (==3.27.1) ; python_version < \"3.8\"", "tox (==4.23.2) ; python_version >= \"3.8\"", "twine (==6.0.1) ; python_version >= \"3.11\""]

[[package]]
name = "markdown-it-py"
version = "3.0.0"
description = "Python port of markdown-it. Markdown parsing, done right!"
optional = false
python-versions = ">=3.8"
groups = ["main"]
files = [
    {file = "markdown-it-py-3.0.0.tar.gz", hash = "sha256:e3f60a94fa066dc52ec76661e37c851cb232d92f9886b15cb560aaada2df8feb"},
    {file = "markdown_it_py-3.0.0-py3-none-any.whl", hash = "sha256:355216845c60bd96232cd8d8c40e8f9765cc86f46880e43a8fd22dc1a1a8cab1"},
]

[package.dependencies]
mdurl = ">=0.1,<1.0"

[package.extras]
benchmarking = ["psutil", "pytest", "pytest-benchmark"]
code-style = ["pre-commit (>=3.0,<4.0)"]
compare = ["commonmark (>=0.9,<1.0)", "markdown (>=3.4,<4.0)", "mistletoe (>=1.0,<2.0)", "mistune (>=2.0,<3.0)", "panflute (>=2.3,<3.0)"]
linkify = ["linkify-it-py (>=1,<3)"]
plugins = ["mdit-py-plugins"]
profiling = ["gprof2dot"]
rtd = ["jupyter_sphinx", "mdit-py-plugins", "myst-parser", "pyyaml", "sphinx", "sphinx-copybutton", "sphinx-design", "sphinx_book_theme"]
testing = ["coverage", "pytest", "pytest-cov", "pytest-regressions"]

[[package]]
name = "mdurl"
version = "0.1.2"
description = "Markdown URL utilities"
optional = false
python-versions = ">=3.7"
groups = ["main"]
files = [
    {file = "mdurl-0.1.2-py3-none-any.whl", hash = "sha256:84008a41e51615a49fc9966191ff91509e3c40b939176e643fd50a5c2196b8f8"},
    {file = "mdurl-0.1.2.tar.gz", hash = "sha256:bb413d29f5eea38f31dd4754dd7377d4465116fb207585f97bf925588687c1ba"},
]

[[package]]
name = "packaging"
version = "24.2"
description = "Core utilities for Python packages"
optional = false
python-versions = ">=3.8"
groups = ["main"]
files = [
    {file = "packaging-24.2-py3-none-any.whl", hash = "sha256:09abb1bccd265c01f4a3aa3f7a7db064b36514d2cba19a2f694fe6150451a759"},
    {file = "packaging-24.2.tar.gz", hash = "sha256:c228a6dc5e932d346bc5739379109d49e8853dd8223571c7c5b55260edc0b97f"},
]

[[package]]
name = "pluggy"
version = "1.5.0"
description = "plugin and hook calling mechanisms for python"
optional = false
python-versions = ">=3.8"
groups = ["main"]
files = [
    {file = "pluggy-1.5.0-py3-none-any.whl", hash = "sha256:44e1ad92c8ca002de6377e165f3e0f1be63266ab4d554740532335b9d75ea669"},
    {file = "pluggy-1.5.0.tar.gz", hash = "sha256:2cffa88e94fdc978c4c574f15f9e59b7f4201d439195c3715ca9e2486f1d0cf1"},
]

[package.extras]
dev = ["pre-commit", "tox"]
testing = ["pytest", "pytest-benchmark"]

[[package]]
name = "pygments"
version = "2.19.1"
description = "Pygments is a syntax highlighting package written in Python."
optional = false
python-versions = ">=3.8"
groups = ["main"]
files = [
    {file = "pygments-2.19.1-py3-none-any.whl", hash = "sha256:9ea1544ad55cecf4b8242fab6dd35a93bbce657034b0611ee383099054ab6d8c"},
    {file = "pygments-2.19.1.tar.gz", hash = "sha256:61c16d2a8576dc0649d9f39e089b5f02bcd27fba10d8fb4dcc28173f7a45151f"},
]

[package.extras]
windows-terminal = ["colorama (>=0.4.6)"]

[[package]]
name = "pytest"
version = "8.3.5"
description = "pytest: simple powerful testing with Python"
optional = false
python-versions = ">=3.8"
groups = ["main"]
files = [
    {file = "pytest-8.3.5-py3-none-any.whl", hash = "sha256:c69214aa47deac29fad6c2a4f590b9c4a9fdb16a403176fe154b79c0b4d4d820"},
    {file = "pytest-8.3.5.tar.gz", hash = "sha256:f4efe70cc14e511565ac476b57c279e12a855b11f48f212af1080ef2263d3845"},
]

[package.dependencies]
colorama = {version = "*", markers = "sys_platform == \"win32\""}
exceptiongroup = {version = ">=1.0.0rc8", markers = "python_version < \"3.11\""}
iniconfig = "*"
packaging = "*"
pluggy = ">=1.5,<2"
tomli = {version = ">=1", markers = "python_version < \"3.11\""}

[package.extras]
dev = ["argcomplete", "attrs (>=19.2)", "hypothesis (>=3.56)", "mock", "pygments (>=2.7.2)", "requests", "setuptools", "xmlschema"]

[[package]]
name = "rich"
version = "13.9.4"
description = "Render rich text, tables, progress bars, syntax highlighting, markdown and more to the terminal"
optional = false
python-versions = ">=3.8.0"
groups = ["main"]
files = [
    {file = "rich-13.9.4-py3-none-any.whl", hash = "sha256:6049d5e6ec054bf2779ab3358186963bac2ea89175919d699e378b99738c2a90"},
    {file = "rich-13.9.4.tar.gz", hash = "sha256:439594978a49a09530cff7ebc4b5c7103ef57baf48d5ea3184f21d9a2befa098"},
]

[package.dependencies]
markdown-it-py = ">=2.2.0"
pygments = ">=2.13.0,<3.0.0"
typing-extensions = {version = ">=4.0.0,<5.0", markers = "python_version < \"3.11\""}

[package.extras]
jupyter = ["ipywidgets (>=7.5.1,<9)"]

[[package]]
name = "shellingham"
version = "1.5.4"
description = "Tool to Detect Surrounding Shell"
optional = false
python-versions = ">=3.7"
groups = ["main"]
files = [
    {file = "shellingham-1.5.4-py2.py3-none-any.whl", hash = "sha256:7ecfff8f2fd72616f7481040475a65b2bf8af90a56c89140852d1120324e8686"},
    {file = "shellingham-1.5.4.tar.gz", hash = "sha256:8dbca0739d487e5bd35ab3ca4b36e11c4078f3a234bfce294b0a0291363404de"},
]

[[package]]
name = "tomli"
version = "2.2.1"
description = "A lil' TOML parser"
optional = false
python-versions = ">=3.8"
groups = ["main"]
markers = "python_version < \"3.11\""
files = [
    {file = "tomli-2.2.1-cp311-cp311-macosx_10_9_x86_64.whl", hash = "sha256:678e4fa69e4575eb77d103de3df8a895e1591b48e740211bd1067378c69e8249"},
    {file = "tomli-2.2.1-cp311-cp311-macosx_11_0_arm64.whl", hash = "sha256:023aa114dd824ade0100497eb2318602af309e5a55595f76b626d6d9f3b7b0a6"},
    {file = "tomli-2.2.1-cp311-cp311-manylinux_2_17_aarch64.manylinux2014_aarch64.whl", hash = "sha256:ece47d672db52ac607a3d9599a9d48dcb2f2f735c6c2d1f34130085bb12b112a"},
    {file = "tomli-2.2.1-cp311-cp311-manylinux_2_17_x86_64.manylinux2014_x86_64.whl", hash = "sha256:6972ca9c9cc9f0acaa56a8ca1ff51e7af152a9f87fb64623e31d5c83700080ee"},
    {file = "tomli-2.2.1-cp311-cp311-manylinux_2_5_i686.manylinux1_i686.manylinux_2_17_i686.manylinux2014_i686.whl", hash = "sha256:c954d2250168d28797dd4e3ac5cf812a406cd5a92674ee4c8f123c889786aa8e"},
    {file = "tomli-2.2.1-cp311-cp311-musllinux_1_2_aarch64.whl", hash = "sha256:8dd28b3e155b80f4d54beb40a441d366adcfe740969820caf156c019fb5c7ec4"},
    {file = "tomli-2.2.1-cp311-cp311-musllinux_1_2_i686.whl", hash = "sha256:e59e304978767a54663af13c07b3d1af22ddee3bb2fb0618ca1593e4f593a106"},
    {file = "tomli-2.2.1-cp311-cp311-musllinux_1_2_x86_64.whl", hash = "sha256:33580bccab0338d00994d7f16f4c4ec25b776af3ffaac1ed74e0b3fc95e885a8"},
    {file = "tomli-2.2.1-cp311-cp311-win32.whl", hash = "sha256:465af0e0875402f1d226519c9904f37254b3045fc5084697cefb9bdde1ff99ff"},
    {file = "tomli-2.2.1-cp311-cp311-win_amd64.whl", hash = "sha256:2d0f2fdd22b02c6d81637a3c95f8cd77f995846af7414c5c4b8d0545afa1bc4b"},
    {file = "tomli-2.2.1-cp312-cp312-macosx_10_13_x86_64.whl", hash = "sha256:4a8f6e44de52d5e6c657c9fe83b562f5f4256d8ebbfe4ff922c495620a7f6cea"},
    {file = "tomli-2.2.1-cp312-cp312-macosx_11_0_arm64.whl", hash = "sha256:8d57ca8095a641b8237d5b079147646153d22552f1c637fd3ba7f4b0b29167a8"},
    {file = "tomli-2.2.1-cp312-cp312-manylinux_2_17_aarch64.manylinux2014_aarch64.whl", hash = "sha256:4e340144ad7ae1533cb897d406382b4b6fede8890a03738ff1683af800d54192"},
    {file = "tomli-2.2.1-cp312-cp312-manylinux_2_17_x86_64.manylinux2014_x86_64.whl", hash = "sha256:db2b95f9de79181805df90bedc5a5ab4c165e6ec3fe99f970d0e302f384ad222"},
    {file = "tomli-2.2.1-cp312-cp312-manylinux_2_5_i686.manylinux1_i686.manylinux_2_17_i686.manylinux2014_i686.whl", hash = "sha256:40741994320b232529c802f8bc86da4e1aa9f413db394617b9a256ae0f9a7f77"},
    {file = "tomli-2.2.1-cp312-cp312-musllinux_1_2_aarch64.whl", hash = "sha256:400e720fe168c0f8521520190686ef8ef033fb19fc493da09779e592861b78c6"},
    {file = "tomli-2.2.1-cp312-cp312-musllinux_1_2_i686.whl", hash = "sha256:02abe224de6ae62c19f090f68da4e27b10af2b93213d36cf44e6e1c5abd19fdd"},
    {file = "tomli-2.2.1-cp312-cp312-musllinux_1_2_x86_64.whl", hash = "sha256:b82ebccc8c8a36f2094e969560a1b836758481f3dc360ce9a3277c65f374285e"},
    {file = "tomli-2.2.1-cp312-cp312-win32.whl", hash = "sha256:889f80ef92701b9dbb224e49ec87c645ce5df3fa2cc548664eb8a25e03127a98"},
    {file = "tomli-2.2.1-cp312-cp312-win_amd64.whl", hash = "sha256:7fc04e92e1d624a4a63c76474610238576942d6b8950a2d7f908a340494e67e4"},
    {file = "tomli-2.2.1-cp313-cp313-macosx_10_13_x86_64.whl", hash = "sha256:f4039b9cbc3048b2416cc57ab3bda989a6fcf9b36cf8937f01a6e731b64f80d7"},
    {file = "tomli-2.2.1-cp313-cp313-macosx_11_0_arm64.whl", hash = "sha256:286f0ca2ffeeb5b9bd4fcc8d6c330534323ec51b2f52da063b11c502da16f30c"},
    {file = "tomli-2.2.1-cp313-cp313-manylinux_2_17_aarch64.manylinux2014_aarch64.whl", hash = "sha256:a92ef1a44547e894e2a17d24e7557a5e85a9e1d0048b0b5e7541f76c5032cb13"},
    {file = "tomli-2.2.1-cp313-cp313-manylinux_2_17_x86_64.manylinux2014_x86_64.whl", hash = "sha256:9316dc65bed1684c9a98ee68759ceaed29d229e985297003e494aa825ebb0281"},
    {file = "tomli-2.2.1-cp313-cp313-manylinux_2_5_i686.manylinux1_i686.manylinux_2_17_i686.manylinux2014_i686.whl", hash = "sha256:e85e99945e688e32d5a35c1ff38ed0b3f41f43fad8df0bdf79f72b2ba7bc5272"},
    {file = "tomli-2.2.1-cp313-cp313-musllinux_1_2_aarch64.whl", hash = "sha256:ac065718db92ca818f8d6141b5f66369833d4a80a9d74435a268c52bdfa73140"},
    {file = "tomli-2.2.1-cp313-cp313-musllinux_1_2_i686.whl", hash = "sha256:d920f33822747519673ee656a4b6ac33e382eca9d331c87770faa3eef562aeb2"},
    {file = "tomli-2.2.1-cp313-cp313-musllinux_1_2_x86_64.whl", hash = "sha256:a198f10c4d1b1375d7687bc25294306e551bf1abfa4eace6650070a5c1ae2744"},
    {file = "tomli-2.2.1-cp313-cp313-win32.whl", hash = "sha256:d3f5614314d758649ab2ab3a62d4f2004c825922f9e370b29416484086b264ec"},
    {file = "tomli-2.2.1-cp313-cp313-win_amd64.whl", hash = "sha256:a38aa0308e754b0e3c67e344754dff64999ff9b513e691d0e786265c93583c69"},
    {file = "tomli-2.2.1-py3-none-any.whl", hash = "sha256:cb55c73c5f4408779d0cf3eef9f762b9c9f147a77de7b258bef0a5628adc85cc"},
    {file = "tomli-2.2.1.tar.gz", hash = "sha256:cd45e1dc79c835ce60f7404ec8119f2eb06d38b1deba146f07ced3bbc44505ff"},
]

[[package]]
name = "typer"
version = "0.15.3"
description = "Typer, build great CLIs. Easy to code. Based on Python type hints."
optional = false
python-versions = ">=3.7"
groups = ["main"]
files = [
    {file = "typer-0.15.3-py3-none-any.whl", hash = "sha256:c86a65ad77ca531f03de08d1b9cb67cd09ad02ddddf4b34745b5008f43b239bd"},
    {file = "typer-0.15.3.tar.gz", hash = "sha256:818873625d0569653438316567861899f7e9972f2e6e0c16dab608345ced713c"},
]

[package.dependencies]
click = ">=8.0.0"
rich = ">=10.11.0"
shellingham = ">=1.3.0"
typing-extensions = ">=3.7.4.3"

[[package]]
name = "typing-extensions"
version = "4.12.2"
description = "Backported and Experimental Type Hints for Python 3.8+"
optional = false
python-versions = ">=3.8"
groups = ["main"]
files = [
    {file = "typing_extensions-4.12.2-py3-none-any.whl", hash = "sha256:04e5ca0351e0f3f85c6853954072df659d0d13fac324d0072316b67d7794700d"},
    {file = "typing_extensions-4.12.2.tar.gz", hash = "sha256:1a7ead55c7e559dd4dee8856e3a88b41225abfe1ce8df57b7c13915fe121ffb8"},
]

[[package]]
name = "wcwidth"
version = "0.2.13"
description = "Measures the displayed width of unicode strings in a terminal"
optional = false
python-versions = "*"
groups = ["main"]
files = [
    {file = "wcwidth-0.2.13-py2.py3-none-any.whl", hash = "sha256:3da69048e4540d84af32131829ff948f1e022c1c6bdb8d6102117aac784f6859"},
    {file = "wcwidth-0.2.13.tar.gz", hash = "sha256:72ea0c06399eb286d978fdedb6923a9eb47e1c486ce63e9b4e64fc18303972b5"},
]

[[package]]
name = "win32-setctime"
version = "1.2.0"
description = "A small Python utility to set file creation time on Windows"
optional = false
python-versions = ">=3.5"
groups = ["main"]
markers = "sys_platform == \"win32\""
files = [
    {file = "win32_setctime-1.2.0-py3-none-any.whl", hash = "sha256:95d644c4e708aba81dc3704a116d8cbc974d70b3bdb8be1d150e36be6e9d1390"},
    {file = "win32_setctime-1.2.0.tar.gz", hash = "sha256:ae1fdf948f5640aae05c511ade119313fb6a30d7eabe25fef9764dca5873c4c0"},
]

[package.extras]
dev = ["black (>=19.3b0) ; python_version >= \"3.6\"", "pytest (>=4.6.2)"]

[metadata]
lock-version = "2.1"
python-versions = ">=3.10,<4.0"
content-hash = "08a245e6ca9f8b38bc1871947f935132f086a0ba6b2aba8f97c31803c8e7194d"
