# This file is automatically @generated by Poetry 2.1.1 and should not be changed by hand.

[[package]]
name = "beautifultable"
version = "1.1.0"
description = "Print text tables for terminals"
optional = false
python-versions = "*"
groups = ["main"]
files = [
    {file = "beautifultable-1.1.0-py2.py3-none-any.whl", hash = "sha256:b34053a581976c4c23064bb0e918a7f6f22273cf196c787946db323a6a2b7d84"},
    {file = "beautifultable-1.1.0.tar.gz", hash = "sha256:040bc987444965678f4ffdfa2f17ac357f1a13e5875b161c9a1899b375319d17"},
]

[package.dependencies]
wcwidth = "*"

[package.extras]
all = ["pandas"]
dev = ["pandas"]

[[package]]
name = "bitarray"
version = "3.4.3"
description = "efficient arrays of booleans -- C extension"
optional = false
python-versions = "*"
groups = ["main"]
files = [
    {file = "bitarray-3.4.3-cp310-cp310-macosx_10_9_x86_64.whl", hash = "sha256:a0c126a6ed1d3cd68cd91c0056cee8edcf6aa57c557b555528fe37375e72ea74"},
    {file = "bitarray-3.4.3-cp310-cp310-macosx_11_0_arm64.whl", hash = "sha256:690fc6d2b5c5e267f643e3720e8b4203838d3f30439e2070dccfae473b8223c3"},
    {file = "bitarray-3.4.3-cp310-cp310-manylinux_2_17_aarch64.manylinux2014_aarch64.whl", hash = "sha256:639930dadc248e68caef99f068dea70cea58244f199c4ca63975ae6292f6e921"},
    {file = "bitarray-3.4.3-cp310-cp310-manylinux_2_17_ppc64le.manylinux2014_ppc64le.whl", hash = "sha256:6646d4f5533383a54d29c212b2ece7e1988d18f1e0f9e2e814bc96d4defdb39b"},
    {file = "bitarray-3.4.3-cp310-cp310-manylinux_2_17_s390x.manylinux2014_s390x.whl", hash = "sha256:600e5805f2de242522ae598c4c43f95eda3cae63ca9ef01cdb659cb006bc3a86"},
    {file = "bitarray-3.4.3-cp310-cp310-manylinux_2_17_x86_64.manylinux2014_x86_64.whl", hash = "sha256:f8815f3b7fd99d5b596e2ab29f9d14ce97c39ee9fc70fab6ba25fbb279b2b7bc"},
    {file = "bitarray-3.4.3-cp310-cp310-manylinux_2_5_i686.manylinux1_i686.manylinux_2_17_i686.manylinux2014_i686.whl", hash = "sha256:0cb3dd74f05f0640b4a7aa2490c7b04d4c597f18623b8cdeca2700bade30747d"},
    {file = "bitarray-3.4.3-cp310-cp310-musllinux_1_2_aarch64.whl", hash = "sha256:9f8dc515136436a3682d3954f9a86d90b6f80d98b07fe03371cf933961d19c66"},
    {file = "bitarray-3.4.3-cp310-cp310-musllinux_1_2_i686.whl", hash = "sha256:c686b34b189160971cdfcaa31279ccdc6e90ecfb113b6c84b8761d74a308e4cf"},
    {file = "bitarray-3.4.3-cp310-cp310-musllinux_1_2_ppc64le.whl", hash = "sha256:c9e7e7fa3870c8c164446b838d72ef88acb47bd3552b68f7bc509fcd13366004"},
    {file = "bitarray-3.4.3-cp310-cp310-musllinux_1_2_s390x.whl", hash = "sha256:79dff08c581ed3ac85eab019bd8af8ccab744651dc6f9e5acc3a44d96dd491aa"},
    {file = "bitarray-3.4.3-cp310-cp310-musllinux_1_2_x86_64.whl", hash = "sha256:30522c7cca78cb68894c3b5f114aef79b6a62113289239ca0351ae11b4ec074d"},
    {file = "bitarray-3.4.3-cp310-cp310-win32.whl", hash = "sha256:860607c7ee614e8898c1fa6bb001a56c4af9c94d6204bcc32f4259b814fece10"},
    {file = "bitarray-3.4.3-cp310-cp310-win_amd64.whl", hash = "sha256:65298a9aa7b16f543f94619e88b95c269de625beac3441c440e2d6b4e99cdd2c"},
    {file = "bitarray-3.4.3-cp311-cp311-macosx_10_9_x86_64.whl", hash = "sha256:dad06c638adb14c2ab2cdbe295f324e72c7068d65bb5612be5f170e5682a1e3e"},
    {file = "bitarray-3.4.3-cp311-cp311-macosx_11_0_arm64.whl", hash = "sha256:0c6dc58399e2b1221f98b8696cdb414a8c42c2cea5c61f7cf9d691ee12c86cb3"},
    {file = "bitarray-3.4.3-cp311-cp311-manylinux_2_17_aarch64.manylinux2014_aarch64.whl", hash = "sha256:902b83896e0a4976186e3ec3c0064edd18dab886845644ef25c5e3c760999ed4"},
    {file = "bitarray-3.4.3-cp311-cp311-manylinux_2_17_ppc64le.manylinux2014_ppc64le.whl", hash = "sha256:6e80131f03e4df4d9e70c355e5c939673eabaff47803fe1b85bf9676cb805e8a"},
    {file = "bitarray-3.4.3-cp311-cp311-manylinux_2_17_s390x.manylinux2014_s390x.whl", hash = "sha256:a544478f91a0239ce986c90af5dfbeb5ae758e4573194c94827705c138eb75b5"},
    {file = "bitarray-3.4.3-cp311-cp311-manylinux_2_17_x86_64.manylinux2014_x86_64.whl", hash = "sha256:3df507b700c5bd4f2d02056b9db1867e0a5c202fa22eb0d12a6dcca6098b1c0a"},
    {file = "bitarray-3.4.3-cp311-cp311-manylinux_2_5_i686.manylinux1_i686.manylinux_2_17_i686.manylinux2014_i686.whl", hash = "sha256:50ad9bf2403d69080bcd281fc3a4feab14fac8221362724e791df5d50aa105ea"},
    {file = "bitarray-3.4.3-cp311-cp311-musllinux_1_2_aarch64.whl", hash = "sha256:cda69a119698a6ab00e30bc3530d6631245312f6b2287c24b02b3bcea482f512"},
    {file = "bitarray-3.4.3-cp311-cp311-musllinux_1_2_i686.whl", hash = "sha256:350357713dd175788f1e43b85998d8290b8626eb8e5dcc55571a64f8e231dcc1"},
    {file = "bitarray-3.4.3-cp311-cp311-musllinux_1_2_ppc64le.whl", hash = "sha256:17d34aab4b70d8c67260d76810d4aca65ef8bc61e829da32f9fa7116338430e3"},
    {file = "bitarray-3.4.3-cp311-cp311-musllinux_1_2_s390x.whl", hash = "sha256:1f266e76e2819cfdd3522247fb33caccf661c7913e0a0e29e195b46a678be660"},
    {file = "bitarray-3.4.3-cp311-cp311-musllinux_1_2_x86_64.whl", hash = "sha256:822963d34081d2d0b0767eaf1a161ac97b03f552fa21c2c7543d9433b88694b0"},
    {file = "bitarray-3.4.3-cp311-cp311-win32.whl", hash = "sha256:6a345df7fa08af4d08f99a555d949003ff9309d5496c469b7f3dd50c402da973"},
    {file = "bitarray-3.4.3-cp311-cp311-win_amd64.whl", hash = "sha256:8dc0772146d39d6819d01b64d41a9bf5535e99d2b2df4343ec2686b23b3a9740"},
    {file = "bitarray-3.4.3-cp312-cp312-macosx_10_13_x86_64.whl", hash = "sha256:eb6d5b1c2d544e2691a9d519bdbbbc41630e71f0f5d3b4b02e072b1ecf7fe78a"},
    {file = "bitarray-3.4.3-cp312-cp312-macosx_11_0_arm64.whl", hash = "sha256:e2b416291ba7817219296d2911fe06771b620541af26e6a4cc75e3559316d0af"},
    {file = "bitarray-3.4.3-cp312-cp312-manylinux_2_17_aarch64.manylinux2014_aarch64.whl", hash = "sha256:f0522e602faf527e028a973e6260f2b6259a47d79fe8ddbf81b5176af36935e4"},
    {file = "bitarray-3.4.3-cp312-cp312-manylinux_2_17_ppc64le.manylinux2014_ppc64le.whl", hash = "sha256:bd6b925a010d2749cba456ecd843f633594855f356d3ae66c49eb8cc6b3e0ba7"},
    {file = "bitarray-3.4.3-cp312-cp312-manylinux_2_17_s390x.manylinux2014_s390x.whl", hash = "sha256:1a8dc18fb4e24affd29fbaf48a2c6714fa3dece01b7e06d7f0bb75a187f8f5cd"},
    {file = "bitarray-3.4.3-cp312-cp312-manylinux_2_17_x86_64.manylinux2014_x86_64.whl", hash = "sha256:d3e9ea27c5f877d6abeb02ee6affcf97804829b35a640c52a0e4ae340e401c9e"},
    {file = "bitarray-3.4.3-cp312-cp312-manylinux_2_5_i686.manylinux1_i686.manylinux_2_17_i686.manylinux2014_i686.whl", hash = "sha256:c3720b7e9816f61ff0dfa2d750c3cd2f989d1105d953606fb90471f45f5b8065"},
    {file = "bitarray-3.4.3-cp312-cp312-musllinux_1_2_aarch64.whl", hash = "sha256:09abb161caada9ae4cd556c7d2f4d430f8eb2a8248f2e3fa93d5eea799ed1563"},
    {file = "bitarray-3.4.3-cp312-cp312-musllinux_1_2_i686.whl", hash = "sha256:bfb3fee5054a9a266d2d3d274987fbc5d75893ba8d28b849d6ffbdaefcad30f1"},
    {file = "bitarray-3.4.3-cp312-cp312-musllinux_1_2_ppc64le.whl", hash = "sha256:a4eed600da6de44f260d440a60c55722beacd9908a4a2d6550323e74a9bbbbd8"},
    {file = "bitarray-3.4.3-cp312-cp312-musllinux_1_2_s390x.whl", hash = "sha256:98effdef57d3c60c3df67f203ee83b0716edd50b3ef9afaf1ae6468e5204c78f"},
    {file = "bitarray-3.4.3-cp312-cp312-musllinux_1_2_x86_64.whl", hash = "sha256:71fe2e56394f81ed4d027938cf165f12b684c1d88fede535297f5ac94f54f5a0"},
    {file = "bitarray-3.4.3-cp312-cp312-win32.whl", hash = "sha256:28ea1d79c13a8443cdacf8711471d407ad402d55dac457a634be2dd739589a66"},
    {file = "bitarray-3.4.3-cp312-cp312-win_amd64.whl", hash = "sha256:ccb0bdca279d29286ef9bd973a975217927dfa7e0f0d6eac956df5b32ff7c57d"},
    {file = "bitarray-3.4.3-cp313-cp313-macosx_10_13_x86_64.whl", hash = "sha256:2162e97bbdb3a9d2dbf039df02baf9eefd2c13149fc615a5ce5a0189bff82fd4"},
    {file = "bitarray-3.4.3-cp313-cp313-macosx_11_0_arm64.whl", hash = "sha256:254ab82798faf4636ffd3b5bfe2bf24ee6f70e0c8b794491da24f143329bf4c5"},
    {file = "bitarray-3.4.3-cp313-cp313-manylinux_2_17_aarch64.manylinux2014_aarch64.whl", hash = "sha256:9342795493deacc6bea42782fea777e180abb28cf2440e743f6c52b65b4bfddd"},
    {file = "bitarray-3.4.3-cp313-cp313-manylinux_2_17_ppc64le.manylinux2014_ppc64le.whl", hash = "sha256:28347e92310a042e958c53336b03bea7e3eec451411ed0e27180d19c428ad7f2"},
    {file = "bitarray-3.4.3-cp313-cp313-manylinux_2_17_s390x.manylinux2014_s390x.whl", hash = "sha256:f873f4506649575495ffc91febf3e573eabdb7b800e96326533a711807bbe7df"},
    {file = "bitarray-3.4.3-cp313-cp313-manylinux_2_17_x86_64.manylinux2014_x86_64.whl", hash = "sha256:9e9d9df7558497c72e832b1a29a1d3ec394c50c79829755b6237f9a76146f5e2"},
    {file = "bitarray-3.4.3-cp313-cp313-manylinux_2_5_i686.manylinux1_i686.manylinux_2_17_i686.manylinux2014_i686.whl", hash = "sha256:f849e428dd2c8c38b705e28b2baa6601fc9013e3a8dd4b922f128e474bcf687d"},
    {file = "bitarray-3.4.3-cp313-cp313-musllinux_1_2_aarch64.whl", hash = "sha256:438c50f2f9a5751fb12b1ae5c6283c94fc420c191ecd97f0d37483b3f1674a61"},
    {file = "bitarray-3.4.3-cp313-cp313-musllinux_1_2_i686.whl", hash = "sha256:5cf5bdce1e64eb77cb10fd1046ec7ccd84a3e68cdeaf05da300adfc0a5ddcfa5"},
    {file = "bitarray-3.4.3-cp313-cp313-musllinux_1_2_ppc64le.whl", hash = "sha256:2e981af7e4e0d33de3cd7132619c04484cc83846922507855d6d167ae2c444b5"},
    {file = "bitarray-3.4.3-cp313-cp313-musllinux_1_2_s390x.whl", hash = "sha256:da717081402de4b5d66865c9989cb586076773a11af85324fdad4db6950d36a4"},
    {file = "bitarray-3.4.3-cp313-cp313-musllinux_1_2_x86_64.whl", hash = "sha256:d6b1a7764e178b127e1388015c00bbc20d4e7188129532c530f1a12979c491f2"},
    {file = "bitarray-3.4.3-cp313-cp313-win32.whl", hash = "sha256:23ec148e5db67efee6376eefc0d167d4a25610b9e333b05e4ccfdcf7c2ac8a9a"},
    {file = "bitarray-3.4.3-cp313-cp313-win_amd64.whl", hash = "sha256:c3113d40de1adfd3c4f08e4bb0a69ff88807085cf2916138f2b55839c9d8d1b2"},
    {file = "bitarray-3.4.3-cp36-cp36m-macosx_10_9_x86_64.whl", hash = "sha256:18d4336ce8a514c9d3a3d87d62f070cb8753b6d2acc46faa8f2bcb934e635106"},
    {file = "bitarray-3.4.3-cp36-cp36m-manylinux_2_17_aarch64.manylinux2014_aarch64.whl", hash = "sha256:62c8a1ed3a57d4f3b4b9858716bcccd000d349b0433aa78f717f8014f5cb9f4e"},
    {file = "bitarray-3.4.3-cp36-cp36m-manylinux_2_17_ppc64le.manylinux2014_ppc64le.whl", hash = "sha256:082512689899a090ba664e788ba5f72816e3bc6f95c4dc79630cc77934cdd275"},
    {file = "bitarray-3.4.3-cp36-cp36m-manylinux_2_17_s390x.manylinux2014_s390x.whl", hash = "sha256:e520f735f155edf326aaa722b5732590aa3527c051bb31f74994b01655f9be59"},
    {file = "bitarray-3.4.3-cp36-cp36m-manylinux_2_17_x86_64.manylinux2014_x86_64.whl", hash = "sha256:58c2289e567971908d19764e970112b3f8724a1de5a5dbd56fcf0ce496a82a82"},
    {file = "bitarray-3.4.3-cp36-cp36m-manylinux_2_5_i686.manylinux1_i686.manylinux_2_17_i686.manylinux2014_i686.whl", hash = "sha256:a03b0b46455f74a1da2e705238f7bde38fb415de1686c7727e4b491570d3addf"},
    {file = "bitarray-3.4.3-cp36-cp36m-musllinux_1_2_aarch64.whl", hash = "sha256:177d905ded5578db62aa8fe91a4a3153f3ecd375e8c94a0b7def46631d4e85a2"},
    {file = "bitarray-3.4.3-cp36-cp36m-musllinux_1_2_i686.whl", hash = "sha256:2bf092d2f2be7c944e8f36615efacfc30d4effb988badb4cd9547561b8c98d2f"},
    {file = "bitarray-3.4.3-cp36-cp36m-musllinux_1_2_ppc64le.whl", hash = "sha256:50ef1b7ce2db8e84a5c99c666d7cd8f861e2ecc0d8556aa02e179b8d0e99ebb5"},
    {file = "bitarray-3.4.3-cp36-cp36m-musllinux_1_2_s390x.whl", hash = "sha256:a50355e799d7bfed98919bd06dcf93a6ea3ba5ea80542423893c8c244bca660a"},
    {file = "bitarray-3.4.3-cp36-cp36m-musllinux_1_2_x86_64.whl", hash = "sha256:3ec3ac5a6469b98945f8e3402a102bd49540bab5a8120120e3b7a3f0ca77fa30"},
    {file = "bitarray-3.4.3-cp36-cp36m-win32.whl", hash = "sha256:fcb9a9957b663fe72984c20bbd7b6e0d520954fea54fb3f6f5fd2fc7c3df7411"},
    {file = "bitarray-3.4.3-cp36-cp36m-win_amd64.whl", hash = "sha256:ec110e2cb464525fc41f1f7d10c8f7676d693fe85786fbd299a2843a79b3db0b"},
    {file = "bitarray-3.4.3-cp37-cp37m-macosx_10_9_x86_64.whl", hash = "sha256:f5ed2775f134ab5cf5de536d189cfa2218586cd2b6c2294902dfa0d8b051389b"},
    {file = "bitarray-3.4.3-cp37-cp37m-manylinux_2_17_aarch64.manylinux2014_aarch64.whl", hash = "sha256:7098885346d58c0d8dbbeb6e92a10e12355b071846b59d16aee028a13dc0e98a"},
    {file = "bitarray-3.4.3-cp37-cp37m-manylinux_2_17_ppc64le.manylinux2014_ppc64le.whl", hash = "sha256:d572cb40f63df713bf53df47bd8bbe053a08371f6177239406fe36e57d953422"},
    {file = "bitarray-3.4.3-cp37-cp37m-manylinux_2_17_s390x.manylinux2014_s390x.whl", hash = "sha256:8656f9ec9a84277c139ea21cae6cc4350215fad6a339134f4f621d8e4773d167"},
    {file = "bitarray-3.4.3-cp37-cp37m-manylinux_2_17_x86_64.manylinux2014_x86_64.whl", hash = "sha256:9b9bfd70376cdf0525d8ac6c168abdbddd7c7ed05d7d3da655156c61d457b42a"},
    {file = "bitarray-3.4.3-cp37-cp37m-manylinux_2_5_i686.manylinux1_i686.manylinux_2_17_i686.manylinux2014_i686.whl", hash = "sha256:b69c396510f1ceccaaa15a8f2cf56ba46d0f4ed838c958892c6027e47de74b80"},
    {file = "bitarray-3.4.3-cp37-cp37m-musllinux_1_2_aarch64.whl", hash = "sha256:59a31cbfd3009c0b174a53289d3eab091c0a2421ed50980a7d922873820a0a33"},
    {file = "bitarray-3.4.3-cp37-cp37m-musllinux_1_2_i686.whl", hash = "sha256:e44821a49a6313f55e36367c9439c9a4c7de3aa30cb0dd826cd469a24da376d9"},
    {file = "bitarray-3.4.3-cp37-cp37m-musllinux_1_2_ppc64le.whl", hash = "sha256:1be9272542f34131c91823fd56aa683ffb585742cab2e4adc1e3b7d87bf56db5"},
    {file = "bitarray-3.4.3-cp37-cp37m-musllinux_1_2_s390x.whl", hash = "sha256:22259b87c86453bb17fb3a9225f2436100be4e807ec2b237c04684201e887829"},
    {file = "bitarray-3.4.3-cp37-cp37m-musllinux_1_2_x86_64.whl", hash = "sha256:26acfc36579caa58932d5adafe181609f38ce3c0a0c053c5174e95ffdab93485"},
    {file = "bitarray-3.4.3-cp37-cp37m-win32.whl", hash = "sha256:36428ca065a10b337d1bac640e159a8a23673881ab193b7db506e2f04452b894"},
    {file = "bitarray-3.4.3-cp37-cp37m-win_amd64.whl", hash = "sha256:613fd6f2fca2f9cef592535002db101efccb34627828dee0f5122390af2d36a1"},
    {file = "bitarray-3.4.3-cp38-cp38-macosx_10_9_x86_64.whl", hash = "sha256:4ebc3675359381d70944cf6ca1f17eaeaa191f62cf78e178b1fbae10e3b89128"},
    {file = "bitarray-3.4.3-cp38-cp38-macosx_11_0_arm64.whl", hash = "sha256:2c8535abd8f53333c382ba3d992206d7bd7ac91ea19ee3c712c18d5d750b8880"},
    {file = "bitarray-3.4.3-cp38-cp38-manylinux_2_17_aarch64.manylinux2014_aarch64.whl", hash = "sha256:6232646581b2dc146e13985a6213c3fcbd9ccc7311e599fc01bdec086cffaad6"},
    {file = "bitarray-3.4.3-cp38-cp38-manylinux_2_17_ppc64le.manylinux2014_ppc64le.whl", hash = "sha256:78415356052fdcebd8943ef72a2f2eab7722296bdb7172c4127c213ad7cd5582"},
    {file = "bitarray-3.4.3-cp38-cp38-manylinux_2_17_s390x.manylinux2014_s390x.whl", hash = "sha256:52bfc007309a6ef569a0c2add27abde97ac384657377c993ae34003b05568000"},
    {file = "bitarray-3.4.3-cp38-cp38-manylinux_2_17_x86_64.manylinux2014_x86_64.whl", hash = "sha256:c80319c7e455d8a35f33133e2db35daefcd10ec32d0283e0c45b5b3c8f2b7486"},
    {file = "bitarray-3.4.3-cp38-cp38-manylinux_2_5_i686.manylinux1_i686.manylinux_2_17_i686.manylinux2014_i686.whl", hash = "sha256:63a51d3831caa098f8fda1b128ad78a68b945e92a1951cba3e623afa4fc7a825"},
    {file = "bitarray-3.4.3-cp38-cp38-musllinux_1_2_aarch64.whl", hash = "sha256:f0d5a19de5bf8d79c498ea53b6625a103b696d5c096eb1424e265e3ffd7499e7"},
    {file = "bitarray-3.4.3-cp38-cp38-musllinux_1_2_i686.whl", hash = "sha256:3c08df34aeb454501cbf4a678e29f5ce6e6b532b9203c1055c5e7801237b43c7"},
    {file = "bitarray-3.4.3-cp38-cp38-musllinux_1_2_ppc64le.whl", hash = "sha256:a19ec17ca5c8d5eee9b66f4e5022dfc1501db5771893eb8c192163a6cb0512b3"},
    {file = "bitarray-3.4.3-cp38-cp38-musllinux_1_2_s390x.whl", hash = "sha256:1d3fd4f52270e153324d7cb481dd5e956101b753232beeb6f9196b64eb3f29f1"},
    {file = "bitarray-3.4.3-cp38-cp38-musllinux_1_2_x86_64.whl", hash = "sha256:ec9483cc157bb6f00a80bd02193277b583725f530105d7e82452321514763eca"},
    {file = "bitarray-3.4.3-cp38-cp38-win32.whl", hash = "sha256:9998473d6e58fa94425ec6f7878098020bb92cdf51f629f61282aa1f4b505e78"},
    {file = "bitarray-3.4.3-cp38-cp38-win_amd64.whl", hash = "sha256:02b2f2e7d50da4a8d41c5d2c5e4847c0666ae906de7955b1b5c799e85546abfa"},
    {file = "bitarray-3.4.3-cp39-cp39-macosx_10_9_x86_64.whl", hash = "sha256:187f181aa45ee92be7af539ebccde50ccc5e6ac1b07c3ffa681460f0bc4bd2a6"},
    {file = "bitarray-3.4.3-cp39-cp39-macosx_11_0_arm64.whl", hash = "sha256:ab1c03490011041ba2d787404cd7a8364acbc86732bff866ab8d67d81bde9af5"},
    {file = "bitarray-3.4.3-cp39-cp39-manylinux_2_17_aarch64.manylinux2014_aarch64.whl", hash = "sha256:ddd2343819c150da13a48eb5de3a01a687453541af7e28104fcc85dd4d98b052"},
    {file = "bitarray-3.4.3-cp39-cp39-manylinux_2_17_ppc64le.manylinux2014_ppc64le.whl", hash = "sha256:45433df04bd446c0fe35c2f9013067439291050ba775e77b4df019382817bc43"},
    {file = "bitarray-3.4.3-cp39-cp39-manylinux_2_17_s390x.manylinux2014_s390x.whl", hash = "sha256:fc3f2e986a1728337b4cec6ac126abfee14bd91a1060a136861aa551ed716320"},
    {file = "bitarray-3.4.3-cp39-cp39-manylinux_2_17_x86_64.manylinux2014_x86_64.whl", hash = "sha256:024295d1d89835588c5760dc72cd74c445c2313ef443225d89b430ed523ad618"},
    {file = "bitarray-3.4.3-cp39-cp39-manylinux_2_5_i686.manylinux1_i686.manylinux_2_17_i686.manylinux2014_i686.whl", hash = "sha256:3eb0ce1bec34e4dbe9de3481d30675666ad77475378295763ab4b7387ad31a9e"},
    {file = "bitarray-3.4.3-cp39-cp39-musllinux_1_2_aarch64.whl", hash = "sha256:f3134a29d349b6ee4e472394f934de47cdb44373b53ceb17a44ffc2b10e683fc"},
    {file = "bitarray-3.4.3-cp39-cp39-musllinux_1_2_i686.whl", hash = "sha256:4badb5134887a4f755d8e5278cd8a761d7fa9fe746ceb46945ecea4071547593"},
    {file = "bitarray-3.4.3-cp39-cp39-musllinux_1_2_ppc64le.whl", hash = "sha256:db762c9c05ebb0cabf90739e37acc0e071c65726efa3321a59d7385aaf5eaea3"},
    {file = "bitarray-3.4.3-cp39-cp39-musllinux_1_2_s390x.whl", hash = "sha256:00ccedbe1d66d8c478bf0bfb9ba66b0fc9b8f3609547cd4d81afe019dd0b2501"},
    {file = "bitarray-3.4.3-cp39-cp39-musllinux_1_2_x86_64.whl", hash = "sha256:4c2c807bad952222b57759d5b9c68db7978a79c086e550d160ebea7ec3a47a62"},
    {file = "bitarray-3.4.3-cp39-cp39-win32.whl", hash = "sha256:a2ea7b16091655029926c5b45bd7db7228f4fc50939fdb52b0849ea8442bd78b"},
    {file = "bitarray-3.4.3-cp39-cp39-win_amd64.whl", hash = "sha256:fa9e751049688bce4cf6901a4847d829146d9d618b539f14d960e072b778f212"},
    {file = "bitarray-3.4.3-pp310-pypy310_pp73-macosx_10_15_x86_64.whl", hash = "sha256:988fa0b40aa939be4d171fab1e29d437523d72919116906ece5a39e5d2ed80c8"},
    {file = "bitarray-3.4.3-pp310-pypy310_pp73-macosx_11_0_arm64.whl", hash = "sha256:5b6a80cbe9ee4dc4994d1a7f59d684df1fef27adb018a12342dcf2404522f8a8"},
    {file = "bitarray-3.4.3-pp310-pypy310_pp73-manylinux_2_17_aarch64.manylinux2014_aarch64.whl", hash = "sha256:353c17eefe044b56ecbfa90c69ce579d88b3bf1527285d4487170ba619dcff75"},
    {file = "bitarray-3.4.3-pp310-pypy310_pp73-manylinux_2_17_x86_64.manylinux2014_x86_64.whl", hash = "sha256:c6e9cd32323ab76fb9f88379176d89a2815dae8f941c91a16b2f8f5af7ee5463"},
    {file = "bitarray-3.4.3-pp310-pypy310_pp73-manylinux_2_5_i686.manylinux1_i686.manylinux_2_17_i686.manylinux2014_i686.whl", hash = "sha256:a2c06cf52f8ebd6b66651f1ee24fe1c006046970bbfc436e0132917a0c51a266"},
    {file = "bitarray-3.4.3-pp310-pypy310_pp73-win_amd64.whl", hash = "sha256:54e4c8527d3b642918c2510433bd8fe53808b149dde4e293178da0d6c0b7e39b"},
    {file = "bitarray-3.4.3-pp37-pypy37_pp73-macosx_10_9_x86_64.whl", hash = "sha256:8a623ed6900cb347c594344915d7e33b83e37d2f4bca81ce23a6d1a749bdb1d9"},
    {file = "bitarray-3.4.3-pp37-pypy37_pp73-manylinux_2_17_aarch64.manylinux2014_aarch64.whl", hash = "sha256:0fbeaf8bcbc1e7a0508c455c44364343131b97bc503aec157d694b6d1495e0e2"},
    {file = "bitarray-3.4.3-pp37-pypy37_pp73-manylinux_2_17_x86_64.manylinux2014_x86_64.whl", hash = "sha256:41fb49bdaf38292607966412beec469f4f9202f6aa363817ad6e762411b8fd2b"},
    {file = "bitarray-3.4.3-pp37-pypy37_pp73-manylinux_2_5_i686.manylinux1_i686.manylinux_2_17_i686.manylinux2014_i686.whl", hash = "sha256:c7fbc7edfb15e1b6b9709b10b140cc2eb81d605efac2722dc0f8832516d46b10"},
    {file = "bitarray-3.4.3-pp37-pypy37_pp73-win_amd64.whl", hash = "sha256:845af99a0c0d635c31871a07bb45c2500344f8f08480b32df90850898def47cd"},
    {file = "bitarray-3.4.3-pp38-pypy38_pp73-macosx_10_9_x86_64.whl", hash = "sha256:e74d09f7d9febcec01de4a27fc600d93b9de769c9e58c3f28ac0f24a7276ba1c"},
    {file = "bitarray-3.4.3-pp38-pypy38_pp73-macosx_11_0_arm64.whl", hash = "sha256:0e57449ad43beb6fa344501f445f2b1d7689405127b8975d53ba0c320d4f6743"},
    {file = "bitarray-3.4.3-pp38-pypy38_pp73-manylinux_2_17_aarch64.manylinux2014_aarch64.whl", hash = "sha256:6e7c58d1a25acc829626ece2608ab21c2466bdbd0433c1a7caa2529c4641169d"},
    {file = "bitarray-3.4.3-pp38-pypy38_pp73-manylinux_2_17_x86_64.manylinux2014_x86_64.whl", hash = "sha256:1d043f4af52530d23ebd60e664a95041e8707ffeb283a5f604beb964ff6d5c7c"},
    {file = "bitarray-3.4.3-pp38-pypy38_pp73-manylinux_2_5_i686.manylinux1_i686.manylinux_2_17_i686.manylinux2014_i686.whl", hash = "sha256:137c14f9a9c81298973eb19c6a3af2ed794d5978645223e3c7b37aa2f11fe897"},
    {file = "bitarray-3.4.3-pp38-pypy38_pp73-win_amd64.whl", hash = "sha256:e1f170df5c24d0101410435fc210b68e55d800a77a2a26a3fd3e7ee9ab882337"},
    {file = "bitarray-3.4.3-pp39-pypy39_pp73-macosx_10_15_x86_64.whl", hash = "sha256:ee46b605100c722550bd7a216dcba4854f1d34c6632764049908da7ebaf8c83b"},
    {file = "bitarray-3.4.3-pp39-pypy39_pp73-macosx_11_0_arm64.whl", hash = "sha256:549caacd684e1120f446e0cf35b7faa06e9f4b647195b6ba341556d8d02a1ecf"},
    {file = "bitarray-3.4.3-pp39-pypy39_pp73-manylinux_2_17_aarch64.manylinux2014_aarch64.whl", hash = "sha256:c0924c210915c4d76cea002ee7f5138deb5d44e70eafe7ab4652fc7485d57803"},
    {file = "bitarray-3.4.3-pp39-pypy39_pp73-manylinux_2_17_x86_64.manylinux2014_x86_64.whl", hash = "sha256:7354817ae65370aba12d67c953c792ae0a757c12808629a49a003f2e4cab5a7f"},
    {file = "bitarray-3.4.3-pp39-pypy39_pp73-manylinux_2_5_i686.manylinux1_i686.manylinux_2_17_i686.manylinux2014_i686.whl", hash = "sha256:2584f4d9d30de1b02e0b8f1256fa1d4c8a3e4346749fbc61ec430f210739ec15"},
    {file = "bitarray-3.4.3-pp39-pypy39_pp73-win_amd64.whl", hash = "sha256:df9447d1a9fad5d935bfe8a0263cb935f089b2a866a5d7a32ba09dc69671c812"},
    {file = "bitarray-3.4.3.tar.gz", hash = "sha256:dddfb2bf086b66aec1c0110dc46642b7161f587a6441cfe74da9e323975f62f0"},
]

[[package]]
name = "click"
version = "8.1.8"
description = "Composable command line interface toolkit"
optional = false
python-versions = ">=3.7"
groups = ["main"]
files = [
    {file = "click-8.1.8-py3-none-any.whl", hash = "sha256:63c132bbbed01578a06712a2d1f497bb62d9c1c0d329b7903a866228027263b2"},
    {file = "click-8.1.8.tar.gz", hash = "sha256:ed53c9d8990d83c2a27deae68e4ee337473f6330c040a31d4225c9574d16096a"},
]

[package.dependencies]
colorama = {version = "*", markers = "platform_system == \"Windows\""}

[[package]]
name = "colorama"
version = "0.4.6"
description = "Cross-platform colored terminal text."
optional = false
python-versions = "!=3.0.*,!=3.1.*,!=3.2.*,!=3.3.*,!=3.4.*,!=3.5.*,!=3.6.*,>=2.7"
groups = ["main"]
markers = "sys_platform == \"win32\" or platform_system == \"Windows\""
files = [
    {file = "colorama-0.4.6-py2.py3-none-any.whl", hash = "sha256:4f1d9991f5acc0ca119f9d443620b77f9d6b33703e51011c16baf57afb285fc6"},
    {file = "colorama-0.4.6.tar.gz", hash = "sha256:08695f5cb7ed6e0531a20572697297273c47b8cae5a63ffc6d6ed5c201be6e44"},
]

[[package]]
name = "debugpy"
version = "1.8.14"
description = "An implementation of the Debug Adapter Protocol for Python"
optional = false
python-versions = ">=3.8"
groups = ["dev"]
files = [
    {file = "debugpy-1.8.14-cp310-cp310-macosx_14_0_x86_64.whl", hash = "sha256:93fee753097e85623cab1c0e6a68c76308cd9f13ffdf44127e6fab4fbf024339"},
    {file = "debugpy-1.8.14-cp310-cp310-manylinux_2_5_x86_64.manylinux1_x86_64.manylinux_2_17_x86_64.manylinux2014_x86_64.whl", hash = "sha256:3d937d93ae4fa51cdc94d3e865f535f185d5f9748efb41d0d49e33bf3365bd79"},
    {file = "debugpy-1.8.14-cp310-cp310-win32.whl", hash = "sha256:c442f20577b38cc7a9aafecffe1094f78f07fb8423c3dddb384e6b8f49fd2987"},
    {file = "debugpy-1.8.14-cp310-cp310-win_amd64.whl", hash = "sha256:f117dedda6d969c5c9483e23f573b38f4e39412845c7bc487b6f2648df30fe84"},
    {file = "debugpy-1.8.14-cp311-cp311-macosx_14_0_universal2.whl", hash = "sha256:1b2ac8c13b2645e0b1eaf30e816404990fbdb168e193322be8f545e8c01644a9"},
    {file = "debugpy-1.8.14-cp311-cp311-manylinux_2_5_x86_64.manylinux1_x86_64.manylinux_2_17_x86_64.manylinux2014_x86_64.whl", hash = "sha256:cf431c343a99384ac7eab2f763980724834f933a271e90496944195318c619e2"},
    {file = "debugpy-1.8.14-cp311-cp311-win32.whl", hash = "sha256:c99295c76161ad8d507b413cd33422d7c542889fbb73035889420ac1fad354f2"},
    {file = "debugpy-1.8.14-cp311-cp311-win_amd64.whl", hash = "sha256:7816acea4a46d7e4e50ad8d09d963a680ecc814ae31cdef3622eb05ccacf7b01"},
    {file = "debugpy-1.8.14-cp312-cp312-macosx_14_0_universal2.whl", hash = "sha256:8899c17920d089cfa23e6005ad9f22582fd86f144b23acb9feeda59e84405b84"},
    {file = "debugpy-1.8.14-cp312-cp312-manylinux_2_5_x86_64.manylinux1_x86_64.manylinux_2_17_x86_64.manylinux2014_x86_64.whl", hash = "sha256:f6bb5c0dcf80ad5dbc7b7d6eac484e2af34bdacdf81df09b6a3e62792b722826"},
    {file = "debugpy-1.8.14-cp312-cp312-win32.whl", hash = "sha256:281d44d248a0e1791ad0eafdbbd2912ff0de9eec48022a5bfbc332957487ed3f"},
    {file = "debugpy-1.8.14-cp312-cp312-win_amd64.whl", hash = "sha256:5aa56ef8538893e4502a7d79047fe39b1dae08d9ae257074c6464a7b290b806f"},
    {file = "debugpy-1.8.14-cp313-cp313-macosx_14_0_universal2.whl", hash = "sha256:329a15d0660ee09fec6786acdb6e0443d595f64f5d096fc3e3ccf09a4259033f"},
    {file = "debugpy-1.8.14-cp313-cp313-manylinux_2_5_x86_64.manylinux1_x86_64.manylinux_2_17_x86_64.manylinux2014_x86_64.whl", hash = "sha256:0f920c7f9af409d90f5fd26e313e119d908b0dd2952c2393cd3247a462331f15"},
    {file = "debugpy-1.8.14-cp313-cp313-win32.whl", hash = "sha256:3784ec6e8600c66cbdd4ca2726c72d8ca781e94bce2f396cc606d458146f8f4e"},
    {file = "debugpy-1.8.14-cp313-cp313-win_amd64.whl", hash = "sha256:684eaf43c95a3ec39a96f1f5195a7ff3d4144e4a18d69bb66beeb1a6de605d6e"},
    {file = "debugpy-1.8.14-cp38-cp38-macosx_14_0_x86_64.whl", hash = "sha256:d5582bcbe42917bc6bbe5c12db1bffdf21f6bfc28d4554b738bf08d50dc0c8c3"},
    {file = "debugpy-1.8.14-cp38-cp38-manylinux_2_5_x86_64.manylinux1_x86_64.manylinux_2_17_x86_64.manylinux2014_x86_64.whl", hash = "sha256:5349b7c3735b766a281873fbe32ca9cca343d4cc11ba4a743f84cb854339ff35"},
    {file = "debugpy-1.8.14-cp38-cp38-win32.whl", hash = "sha256:7118d462fe9724c887d355eef395fae68bc764fd862cdca94e70dcb9ade8a23d"},
    {file = "debugpy-1.8.14-cp38-cp38-win_amd64.whl", hash = "sha256:d235e4fa78af2de4e5609073972700523e372cf5601742449970110d565ca28c"},
    {file = "debugpy-1.8.14-cp39-cp39-macosx_14_0_x86_64.whl", hash = "sha256:413512d35ff52c2fb0fd2d65e69f373ffd24f0ecb1fac514c04a668599c5ce7f"},
    {file = "debugpy-1.8.14-cp39-cp39-manylinux_2_5_x86_64.manylinux1_x86_64.manylinux_2_17_x86_64.manylinux2014_x86_64.whl", hash = "sha256:4c9156f7524a0d70b7a7e22b2e311d8ba76a15496fb00730e46dcdeedb9e1eea"},
    {file = "debugpy-1.8.14-cp39-cp39-win32.whl", hash = "sha256:b44985f97cc3dd9d52c42eb59ee9d7ee0c4e7ecd62bca704891f997de4cef23d"},
    {file = "debugpy-1.8.14-cp39-cp39-win_amd64.whl", hash = "sha256:b1528cfee6c1b1c698eb10b6b096c598738a8238822d218173d21c3086de8123"},
    {file = "debugpy-1.8.14-py2.py3-none-any.whl", hash = "sha256:5cd9a579d553b6cb9759a7908a41988ee6280b961f24f63336835d9418216a20"},
    {file = "debugpy-1.8.14.tar.gz", hash = "sha256:7cd287184318416850aa8b60ac90105837bb1e59531898c07569d197d2ed5322"},
]

[[package]]
name = "exceptiongroup"
version = "1.2.2"
description = "Backport of PEP 654 (exception groups)"
optional = false
python-versions = ">=3.7"
groups = ["main"]
markers = "python_version < \"3.11\""
files = [
    {file = "exceptiongroup-1.2.2-py3-none-any.whl", hash = "sha256:3111b9d131c238bec2f8f516e123e14ba243563fb135d3fe885990585aa7795b"},
    {file = "exceptiongroup-1.2.2.tar.gz", hash = "sha256:47c2edf7c6738fafb49fd34290706d1a1a2f4d1c6df275526b62cbb4aa5393cc"},
]

[package.extras]
test = ["pytest (>=6)"]

[[package]]
name = "iniconfig"
version = "2.0.0"
description = "brain-dead simple config-ini parsing"
optional = false
python-versions = ">=3.7"
groups = ["main"]
files = [
    {file = "iniconfig-2.0.0-py3-none-any.whl", hash = "sha256:b6a85871a79d2e3b22d2d1b94ac2824226a63c6b741c88f7ae975f18b6778374"},
    {file = "iniconfig-2.0.0.tar.gz", hash = "sha256:2d91e135bf72d31a410b17c16da610a82cb55f6b0477d1a902134b24a455b8b3"},
]

[[package]]
name = "loguru"
version = "0.7.3"
description = "Python logging made (stupidly) simple"
optional = false
python-versions = "<4.0,>=3.5"
groups = ["main"]
files = [
    {file = "loguru-0.7.3-py3-none-any.whl", hash = "sha256:31a33c10c8e1e10422bfd431aeb5d351c7cf7fa671e3c4df004162264b28220c"},
    {file = "loguru-0.7.3.tar.gz", hash = "sha256:19480589e77d47b8d85b2c827ad95d49bf31b0dcde16593892eb51dd18706eb6"},
]

[package.dependencies]
colorama = {version = ">=0.3.4", markers = "sys_platform == \"win32\""}
win32-setctime = {version = ">=1.0.0", markers = "sys_platform == \"win32\""}

[package.extras]
dev = ["Sphinx (==8.1.3) ; python_version >= \"3.11\"", "build (==1.2.2) ; python_version >= \"3.11\"", "colorama (==0.4.5) ; python_version < \"3.8\"", "colorama (==0.4.6) ; python_version >= \"3.8\"", "exceptiongroup (==1.1.3) ; python_version >= \"3.7\" and python_version < \"3.11\"", "freezegun (==1.1.0) ; python_version < \"3.8\"", "freezegun (==1.5.0) ; python_version >= \"3.8\"", "mypy (==v0.910) ; python_version < \"3.6\"", "mypy (==v0.971) ; python_version == \"3.6\"", "mypy (==v1.13.0) ; python_version >= \"3.8\"", "mypy (==v1.4.1) ; python_version == \"3.7\"", "myst-parser (==4.0.0) ; python_version >= \"3.11\"", "pre-commit (==4.0.1) ; python_version >= \"3.9\"", "pytest (==6.1.2) ; python_version < \"3.8\"", "pytest (==8.3.2) ; python_version >= \"3.8\"", "pytest-cov (==2.12.1) ; python_version < \"3.8\"", "pytest-cov (==5.0.0) ; python_version == \"3.8\"", "pytest-cov (==6.0.0) ; python_version >= \"3.9\"", "pytest-mypy-plugins (==1.9.3) ; python_version >= \"3.6\" and python_version < \"3.8\"", "pytest-mypy-plugins (==3.1.0) ; python_version >= \"3.8\"", "sphinx-rtd-theme (==3.0.2) ; python_version >= \"3.11\"", "tox (==3.27.1) ; python_version < \"3.8\"", "tox (==4.23.2) ; python_version >= \"3.8\"", "twine (==6.0.1) ; python_version >= \"3.11\""]

[[package]]
name = "markdown-it-py"
version = "3.0.0"
description = "Python port of markdown-it. Markdown parsing, done right!"
optional = false
python-versions = ">=3.8"
groups = ["main"]
files = [
    {file = "markdown-it-py-3.0.0.tar.gz", hash = "sha256:e3f60a94fa066dc52ec76661e37c851cb232d92f9886b15cb560aaada2df8feb"},
    {file = "markdown_it_py-3.0.0-py3-none-any.whl", hash = "sha256:355216845c60bd96232cd8d8c40e8f9765cc86f46880e43a8fd22dc1a1a8cab1"},
]

[package.dependencies]
mdurl = ">=0.1,<1.0"

[package.extras]
benchmarking = ["psutil", "pytest", "pytest-benchmark"]
code-style = ["pre-commit (>=3.0,<4.0)"]
compare = ["commonmark (>=0.9,<1.0)", "markdown (>=3.4,<4.0)", "mistletoe (>=1.0,<2.0)", "mistune (>=2.0,<3.0)", "panflute (>=2.3,<3.0)"]
linkify = ["linkify-it-py (>=1,<3)"]
plugins = ["mdit-py-plugins"]
profiling = ["gprof2dot"]
rtd = ["jupyter_sphinx", "mdit-py-plugins", "myst-parser", "pyyaml", "sphinx", "sphinx-copybutton", "sphinx-design", "sphinx_book_theme"]
testing = ["coverage", "pytest", "pytest-cov", "pytest-regressions"]

[[package]]
name = "mdurl"
version = "0.1.2"
description = "Markdown URL utilities"
optional = false
python-versions = ">=3.7"
groups = ["main"]
files = [
    {file = "mdurl-0.1.2-py3-none-any.whl", hash = "sha256:84008a41e51615a49fc9966191ff91509e3c40b939176e643fd50a5c2196b8f8"},
    {file = "mdurl-0.1.2.tar.gz", hash = "sha256:bb413d29f5eea38f31dd4754dd7377d4465116fb207585f97bf925588687c1ba"},
]

[[package]]
name = "packaging"
version = "24.2"
description = "Core utilities for Python packages"
optional = false
python-versions = ">=3.8"
groups = ["main"]
files = [
    {file = "packaging-24.2-py3-none-any.whl", hash = "sha256:09abb1bccd265c01f4a3aa3f7a7db064b36514d2cba19a2f694fe6150451a759"},
    {file = "packaging-24.2.tar.gz", hash = "sha256:c228a6dc5e932d346bc5739379109d49e8853dd8223571c7c5b55260edc0b97f"},
]

[[package]]
name = "pluggy"
version = "1.5.0"
description = "plugin and hook calling mechanisms for python"
optional = false
python-versions = ">=3.8"
groups = ["main"]
files = [
    {file = "pluggy-1.5.0-py3-none-any.whl", hash = "sha256:44e1ad92c8ca002de6377e165f3e0f1be63266ab4d554740532335b9d75ea669"},
    {file = "pluggy-1.5.0.tar.gz", hash = "sha256:2cffa88e94fdc978c4c574f15f9e59b7f4201d439195c3715ca9e2486f1d0cf1"},
]

[package.extras]
dev = ["pre-commit", "tox"]
testing = ["pytest", "pytest-benchmark"]

[[package]]
name = "pygments"
version = "2.19.1"
description = "Pygments is a syntax highlighting package written in Python."
optional = false
python-versions = ">=3.8"
groups = ["main"]
files = [
    {file = "pygments-2.19.1-py3-none-any.whl", hash = "sha256:9ea1544ad55cecf4b8242fab6dd35a93bbce657034b0611ee383099054ab6d8c"},
    {file = "pygments-2.19.1.tar.gz", hash = "sha256:61c16d2a8576dc0649d9f39e089b5f02bcd27fba10d8fb4dcc28173f7a45151f"},
]

[package.extras]
windows-terminal = ["colorama (>=0.4.6)"]

[[package]]
name = "pytest"
version = "8.3.5"
description = "pytest: simple powerful testing with Python"
optional = false
python-versions = ">=3.8"
groups = ["main"]
files = [
    {file = "pytest-8.3.5-py3-none-any.whl", hash = "sha256:c69214aa47deac29fad6c2a4f590b9c4a9fdb16a403176fe154b79c0b4d4d820"},
    {file = "pytest-8.3.5.tar.gz", hash = "sha256:f4efe70cc14e511565ac476b57c279e12a855b11f48f212af1080ef2263d3845"},
]

[package.dependencies]
colorama = {version = "*", markers = "sys_platform == \"win32\""}
exceptiongroup = {version = ">=1.0.0rc8", markers = "python_version < \"3.11\""}
iniconfig = "*"
packaging = "*"
pluggy = ">=1.5,<2"
tomli = {version = ">=1", markers = "python_version < \"3.11\""}

[package.extras]
dev = ["argcomplete", "attrs (>=19.2)", "hypothesis (>=3.56)", "mock", "pygments (>=2.7.2)", "requests", "setuptools", "xmlschema"]

[[package]]
name = "rich"
version = "13.9.4"
description = "Render rich text, tables, progress bars, syntax highlighting, markdown and more to the terminal"
optional = false
python-versions = ">=3.8.0"
groups = ["main"]
files = [
    {file = "rich-13.9.4-py3-none-any.whl", hash = "sha256:6049d5e6ec054bf2779ab3358186963bac2ea89175919d699e378b99738c2a90"},
    {file = "rich-13.9.4.tar.gz", hash = "sha256:439594978a49a09530cff7ebc4b5c7103ef57baf48d5ea3184f21d9a2befa098"},
]

[package.dependencies]
markdown-it-py = ">=2.2.0"
pygments = ">=2.13.0,<3.0.0"
typing-extensions = {version = ">=4.0.0,<5.0", markers = "python_version < \"3.11\""}

[package.extras]
jupyter = ["ipywidgets (>=7.5.1,<9)"]

[[package]]
name = "shellingham"
version = "1.5.4"
description = "Tool to Detect Surrounding Shell"
optional = false
python-versions = ">=3.7"
groups = ["main"]
files = [
    {file = "shellingham-1.5.4-py2.py3-none-any.whl", hash = "sha256:7ecfff8f2fd72616f7481040475a65b2bf8af90a56c89140852d1120324e8686"},
    {file = "shellingham-1.5.4.tar.gz", hash = "sha256:8dbca0739d487e5bd35ab3ca4b36e11c4078f3a234bfce294b0a0291363404de"},
]

[[package]]
name = "tomli"
version = "2.2.1"
description = "A lil' TOML parser"
optional = false
python-versions = ">=3.8"
groups = ["main"]
markers = "python_version < \"3.11\""
files = [
    {file = "tomli-2.2.1-cp311-cp311-macosx_10_9_x86_64.whl", hash = "sha256:678e4fa69e4575eb77d103de3df8a895e1591b48e740211bd1067378c69e8249"},
    {file = "tomli-2.2.1-cp311-cp311-macosx_11_0_arm64.whl", hash = "sha256:023aa114dd824ade0100497eb2318602af309e5a55595f76b626d6d9f3b7b0a6"},
    {file = "tomli-2.2.1-cp311-cp311-manylinux_2_17_aarch64.manylinux2014_aarch64.whl", hash = "sha256:ece47d672db52ac607a3d9599a9d48dcb2f2f735c6c2d1f34130085bb12b112a"},
    {file = "tomli-2.2.1-cp311-cp311-manylinux_2_17_x86_64.manylinux2014_x86_64.whl", hash = "sha256:6972ca9c9cc9f0acaa56a8ca1ff51e7af152a9f87fb64623e31d5c83700080ee"},
    {file = "tomli-2.2.1-cp311-cp311-manylinux_2_5_i686.manylinux1_i686.manylinux_2_17_i686.manylinux2014_i686.whl", hash = "sha256:c954d2250168d28797dd4e3ac5cf812a406cd5a92674ee4c8f123c889786aa8e"},
    {file = "tomli-2.2.1-cp311-cp311-musllinux_1_2_aarch64.whl", hash = "sha256:8dd28b3e155b80f4d54beb40a441d366adcfe740969820caf156c019fb5c7ec4"},
    {file = "tomli-2.2.1-cp311-cp311-musllinux_1_2_i686.whl", hash = "sha256:e59e304978767a54663af13c07b3d1af22ddee3bb2fb0618ca1593e4f593a106"},
    {file = "tomli-2.2.1-cp311-cp311-musllinux_1_2_x86_64.whl", hash = "sha256:33580bccab0338d00994d7f16f4c4ec25b776af3ffaac1ed74e0b3fc95e885a8"},
    {file = "tomli-2.2.1-cp311-cp311-win32.whl", hash = "sha256:465af0e0875402f1d226519c9904f37254b3045fc5084697cefb9bdde1ff99ff"},
    {file = "tomli-2.2.1-cp311-cp311-win_amd64.whl", hash = "sha256:2d0f2fdd22b02c6d81637a3c95f8cd77f995846af7414c5c4b8d0545afa1bc4b"},
    {file = "tomli-2.2.1-cp312-cp312-macosx_10_13_x86_64.whl", hash = "sha256:4a8f6e44de52d5e6c657c9fe83b562f5f4256d8ebbfe4ff922c495620a7f6cea"},
    {file = "tomli-2.2.1-cp312-cp312-macosx_11_0_arm64.whl", hash = "sha256:8d57ca8095a641b8237d5b079147646153d22552f1c637fd3ba7f4b0b29167a8"},
    {file = "tomli-2.2.1-cp312-cp312-manylinux_2_17_aarch64.manylinux2014_aarch64.whl", hash = "sha256:4e340144ad7ae1533cb897d406382b4b6fede8890a03738ff1683af800d54192"},
    {file = "tomli-2.2.1-cp312-cp312-manylinux_2_17_x86_64.manylinux2014_x86_64.whl", hash = "sha256:db2b95f9de79181805df90bedc5a5ab4c165e6ec3fe99f970d0e302f384ad222"},
    {file = "tomli-2.2.1-cp312-cp312-manylinux_2_5_i686.manylinux1_i686.manylinux_2_17_i686.manylinux2014_i686.whl", hash = "sha256:40741994320b232529c802f8bc86da4e1aa9f413db394617b9a256ae0f9a7f77"},
    {file = "tomli-2.2.1-cp312-cp312-musllinux_1_2_aarch64.whl", hash = "sha256:400e720fe168c0f8521520190686ef8ef033fb19fc493da09779e592861b78c6"},
    {file = "tomli-2.2.1-cp312-cp312-musllinux_1_2_i686.whl", hash = "sha256:02abe224de6ae62c19f090f68da4e27b10af2b93213d36cf44e6e1c5abd19fdd"},
    {file = "tomli-2.2.1-cp312-cp312-musllinux_1_2_x86_64.whl", hash = "sha256:b82ebccc8c8a36f2094e969560a1b836758481f3dc360ce9a3277c65f374285e"},
    {file = "tomli-2.2.1-cp312-cp312-win32.whl", hash = "sha256:889f80ef92701b9dbb224e49ec87c645ce5df3fa2cc548664eb8a25e03127a98"},
    {file = "tomli-2.2.1-cp312-cp312-win_amd64.whl", hash = "sha256:7fc04e92e1d624a4a63c76474610238576942d6b8950a2d7f908a340494e67e4"},
    {file = "tomli-2.2.1-cp313-cp313-macosx_10_13_x86_64.whl", hash = "sha256:f4039b9cbc3048b2416cc57ab3bda989a6fcf9b36cf8937f01a6e731b64f80d7"},
    {file = "tomli-2.2.1-cp313-cp313-macosx_11_0_arm64.whl", hash = "sha256:286f0ca2ffeeb5b9bd4fcc8d6c330534323ec51b2f52da063b11c502da16f30c"},
    {file = "tomli-2.2.1-cp313-cp313-manylinux_2_17_aarch64.manylinux2014_aarch64.whl", hash = "sha256:a92ef1a44547e894e2a17d24e7557a5e85a9e1d0048b0b5e7541f76c5032cb13"},
    {file = "tomli-2.2.1-cp313-cp313-manylinux_2_17_x86_64.manylinux2014_x86_64.whl", hash = "sha256:9316dc65bed1684c9a98ee68759ceaed29d229e985297003e494aa825ebb0281"},
    {file = "tomli-2.2.1-cp313-cp313-manylinux_2_5_i686.manylinux1_i686.manylinux_2_17_i686.manylinux2014_i686.whl", hash = "sha256:e85e99945e688e32d5a35c1ff38ed0b3f41f43fad8df0bdf79f72b2ba7bc5272"},
    {file = "tomli-2.2.1-cp313-cp313-musllinux_1_2_aarch64.whl", hash = "sha256:ac065718db92ca818f8d6141b5f66369833d4a80a9d74435a268c52bdfa73140"},
    {file = "tomli-2.2.1-cp313-cp313-musllinux_1_2_i686.whl", hash = "sha256:d920f33822747519673ee656a4b6ac33e382eca9d331c87770faa3eef562aeb2"},
    {file = "tomli-2.2.1-cp313-cp313-musllinux_1_2_x86_64.whl", hash = "sha256:a198f10c4d1b1375d7687bc25294306e551bf1abfa4eace6650070a5c1ae2744"},
    {file = "tomli-2.2.1-cp313-cp313-win32.whl", hash = "sha256:d3f5614314d758649ab2ab3a62d4f2004c825922f9e370b29416484086b264ec"},
    {file = "tomli-2.2.1-cp313-cp313-win_amd64.whl", hash = "sha256:a38aa0308e754b0e3c67e344754dff64999ff9b513e691d0e786265c93583c69"},
    {file = "tomli-2.2.1-py3-none-any.whl", hash = "sha256:cb55c73c5f4408779d0cf3eef9f762b9c9f147a77de7b258bef0a5628adc85cc"},
    {file = "tomli-2.2.1.tar.gz", hash = "sha256:cd45e1dc79c835ce60f7404ec8119f2eb06d38b1deba146f07ced3bbc44505ff"},
]

[[package]]
name = "typer"
version = "0.15.3"
description = "Typer, build great CLIs. Easy to code. Based on Python type hints."
optional = false
python-versions = ">=3.7"
groups = ["main"]
files = [
    {file = "typer-0.15.3-py3-none-any.whl", hash = "sha256:c86a65ad77ca531f03de08d1b9cb67cd09ad02ddddf4b34745b5008f43b239bd"},
    {file = "typer-0.15.3.tar.gz", hash = "sha256:818873625d0569653438316567861899f7e9972f2e6e0c16dab608345ced713c"},
]

[package.dependencies]
click = ">=8.0.0"
rich = ">=10.11.0"
shellingham = ">=1.3.0"
typing-extensions = ">=3.7.4.3"

[[package]]
name = "typing-extensions"
version = "4.12.2"
description = "Backported and Experimental Type Hints for Python 3.8+"
optional = false
python-versions = ">=3.8"
groups = ["main"]
files = [
    {file = "typing_extensions-4.12.2-py3-none-any.whl", hash = "sha256:04e5ca0351e0f3f85c6853954072df659d0d13fac324d0072316b67d7794700d"},
    {file = "typing_extensions-4.12.2.tar.gz", hash = "sha256:1a7ead55c7e559dd4dee8856e3a88b41225abfe1ce8df57b7c13915fe121ffb8"},
]

[[package]]
name = "wcwidth"
version = "0.2.13"
description = "Measures the displayed width of unicode strings in a terminal"
optional = false
python-versions = "*"
groups = ["main"]
files = [
    {file = "wcwidth-0.2.13-py2.py3-none-any.whl", hash = "sha256:3da69048e4540d84af32131829ff948f1e022c1c6bdb8d6102117aac784f6859"},
    {file = "wcwidth-0.2.13.tar.gz", hash = "sha256:72ea0c06399eb286d978fdedb6923a9eb47e1c486ce63e9b4e64fc18303972b5"},
]

[[package]]
name = "win32-setctime"
version = "1.2.0"
description = "A small Python utility to set file creation time on Windows"
optional = false
python-versions = ">=3.5"
groups = ["main"]
markers = "sys_platform == \"win32\""
files = [
    {file = "win32_setctime-1.2.0-py3-none-any.whl", hash = "sha256:95d644c4e708aba81dc3704a116d8cbc974d70b3bdb8be1d150e36be6e9d1390"},
    {file = "win32_setctime-1.2.0.tar.gz", hash = "sha256:ae1fdf948f5640aae05c511ade119313fb6a30d7eabe25fef9764dca5873c4c0"},
]

[package.extras]
dev = ["black (>=19.3b0) ; python_version >= \"3.6\"", "pytest (>=4.6.2)"]

[metadata]
lock-version = "2.1"
python-versions = ">=3.10,<4.0"
content-hash = "b9926b42c4c33d5f8fc4e4afbb7fb95c4c1e8ba135dff8f044f5b9de1bce7c9e"
